// !$*UTF8*$!
{
	archiveVersion = 1;
	classes = {
	};
	objectVersion = 56;
	objects = {

/* Begin PBXBuildFile section */
		2B34FB292AF7826A006D6835 /* ShoppingListViewController.swift in Sources */ = {isa = PBXBuildFile; fileRef = 2B34FB282AF7826A006D6835 /* ShoppingListViewController.swift */; };
		2B34FB2B2AF782D2006D6835 /* ShoppingListTableViewCell.swift in Sources */ = {isa = PBXBuildFile; fileRef = 2B34FB2A2AF782D2006D6835 /* ShoppingListTableViewCell.swift */; };
		2B34FB2E2AF784E2006D6835 /* SnapKit in Frameworks */ = {isa = PBXBuildFile; productRef = 2B34FB2D2AF784E2006D6835 /* SnapKit */; };
		2B34FB312AF78510006D6835 /* RxCocoa in Frameworks */ = {isa = PBXBuildFile; productRef = 2B34FB302AF78510006D6835 /* RxCocoa */; };
		2B34FB332AF78510006D6835 /* RxSwift in Frameworks */ = {isa = PBXBuildFile; productRef = 2B34FB322AF78510006D6835 /* RxSwift */; };
		2B34FB382AF7C5C6006D6835 /* DetailViewController.swift in Sources */ = {isa = PBXBuildFile; fileRef = 2B34FB372AF7C5C6006D6835 /* DetailViewController.swift */; };
		2B34FB432AF8B516006D6835 /* ShoppingListViewModel.swift in Sources */ = {isa = PBXBuildFile; fileRef = 2B34FB422AF8B516006D6835 /* ShoppingListViewModel.swift */; };
		2BAAFDF92A724CFC000E18FD /* AppDelegate.swift in Sources */ = {isa = PBXBuildFile; fileRef = 2BAAFDF82A724CFC000E18FD /* AppDelegate.swift */; };
		2BAAFDFB2A724CFC000E18FD /* SceneDelegate.swift in Sources */ = {isa = PBXBuildFile; fileRef = 2BAAFDFA2A724CFC000E18FD /* SceneDelegate.swift */; };
		2BAAFDFD2A724CFC000E18FD /* ViewController.swift in Sources */ = {isa = PBXBuildFile; fileRef = 2BAAFDFC2A724CFC000E18FD /* ViewController.swift */; };
		2BAAFE002A724CFC000E18FD /* Main.storyboard in Resources */ = {isa = PBXBuildFile; fileRef = 2BAAFDFE2A724CFC000E18FD /* Main.storyboard */; };
		2BAAFE022A724CFD000E18FD /* Assets.xcassets in Resources */ = {isa = PBXBuildFile; fileRef = 2BAAFE012A724CFD000E18FD /* Assets.xcassets */; };
		2BAAFE052A724CFD000E18FD /* LaunchScreen.storyboard in Resources */ = {isa = PBXBuildFile; fileRef = 2BAAFE032A724CFD000E18FD /* LaunchScreen.storyboard */; };
		2BAAFE112A725E96000E18FD /* SettingTableViewController.swift in Sources */ = {isa = PBXBuildFile; fileRef = 2BAAFE102A725E96000E18FD /* SettingTableViewController.swift */; };
		2BAAFE132A727023000E18FD /* ShoppingTableViewController.swift in Sources */ = {isa = PBXBuildFile; fileRef = 2BAAFE122A727023000E18FD /* ShoppingTableViewController.swift */; };
		2BD7419F2B04FC05006C11B2 /* ViewModelType.swift in Sources */ = {isa = PBXBuildFile; fileRef = 2BD7419E2B04FC05006C11B2 /* ViewModelType.swift */; };
		2BD741CE2B062656006C11B2 /* ShoppingListView.swift in Sources */ = {isa = PBXBuildFile; fileRef = 2BD741CD2B062656006C11B2 /* ShoppingListView.swift */; };
/* End PBXBuildFile section */

/* Begin PBXFileReference section */
		2B34FB282AF7826A006D6835 /* ShoppingListViewController.swift */ = {isa = PBXFileReference; lastKnownFileType = sourcecode.swift; path = ShoppingListViewController.swift; sourceTree = "<group>"; };
		2B34FB2A2AF782D2006D6835 /* ShoppingListTableViewCell.swift */ = {isa = PBXFileReference; lastKnownFileType = sourcecode.swift; path = ShoppingListTableViewCell.swift; sourceTree = "<group>"; };
		2B34FB372AF7C5C6006D6835 /* DetailViewController.swift */ = {isa = PBXFileReference; lastKnownFileType = sourcecode.swift; path = DetailViewController.swift; sourceTree = "<group>"; };
		2B34FB422AF8B516006D6835 /* ShoppingListViewModel.swift */ = {isa = PBXFileReference; lastKnownFileType = sourcecode.swift; path = ShoppingListViewModel.swift; sourceTree = "<group>"; };
		2BAAFDF52A724CFC000E18FD /* Setting.app */ = {isa = PBXFileReference; explicitFileType = wrapper.application; includeInIndex = 0; path = Setting.app; sourceTree = BUILT_PRODUCTS_DIR; };
		2BAAFDF82A724CFC000E18FD /* AppDelegate.swift */ = {isa = PBXFileReference; lastKnownFileType = sourcecode.swift; path = AppDelegate.swift; sourceTree = "<group>"; };
		2BAAFDFA2A724CFC000E18FD /* SceneDelegate.swift */ = {isa = PBXFileReference; lastKnownFileType = sourcecode.swift; path = SceneDelegate.swift; sourceTree = "<group>"; };
		2BAAFDFC2A724CFC000E18FD /* ViewController.swift */ = {isa = PBXFileReference; lastKnownFileType = sourcecode.swift; path = ViewController.swift; sourceTree = "<group>"; };
		2BAAFDFF2A724CFC000E18FD /* Base */ = {isa = PBXFileReference; lastKnownFileType = file.storyboard; name = Base; path = Base.lproj/Main.storyboard; sourceTree = "<group>"; };
		2BAAFE012A724CFD000E18FD /* Assets.xcassets */ = {isa = PBXFileReference; lastKnownFileType = folder.assetcatalog; path = Assets.xcassets; sourceTree = "<group>"; };
		2BAAFE042A724CFD000E18FD /* Base */ = {isa = PBXFileReference; lastKnownFileType = file.storyboard; name = Base; path = Base.lproj/LaunchScreen.storyboard; sourceTree = "<group>"; };
		2BAAFE062A724CFD000E18FD /* Info.plist */ = {isa = PBXFileReference; lastKnownFileType = text.plist.xml; path = Info.plist; sourceTree = "<group>"; };
		2BAAFE102A725E96000E18FD /* SettingTableViewController.swift */ = {isa = PBXFileReference; lastKnownFileType = sourcecode.swift; path = SettingTableViewController.swift; sourceTree = "<group>"; };
		2BAAFE122A727023000E18FD /* ShoppingTableViewController.swift */ = {isa = PBXFileReference; lastKnownFileType = sourcecode.swift; path = ShoppingTableViewController.swift; sourceTree = "<group>"; };
		2BD7419E2B04FC05006C11B2 /* ViewModelType.swift */ = {isa = PBXFileReference; lastKnownFileType = sourcecode.swift; path = ViewModelType.swift; sourceTree = "<group>"; };
		2BD741CD2B062656006C11B2 /* ShoppingListView.swift */ = {isa = PBXFileReference; lastKnownFileType = sourcecode.swift; path = ShoppingListView.swift; sourceTree = "<group>"; };
/* End PBXFileReference section */

/* Begin PBXFrameworksBuildPhase section */
		2BAAFDF22A724CFC000E18FD /* Frameworks */ = {
			isa = PBXFrameworksBuildPhase;
			buildActionMask = 2147483647;
			files = (
				2B34FB332AF78510006D6835 /* RxSwift in Frameworks */,
				2B34FB312AF78510006D6835 /* RxCocoa in Frameworks */,
				2B34FB2E2AF784E2006D6835 /* SnapKit in Frameworks */,
			);
			runOnlyForDeploymentPostprocessing = 0;
		};
/* End PBXFrameworksBuildPhase section */

/* Begin PBXGroup section */
		2B34FB342AF7B290006D6835 /* ShoppingList */ = {
			isa = PBXGroup;
			children = (
				2B34FB282AF7826A006D6835 /* ShoppingListViewController.swift */,
				2BD741CD2B062656006C11B2 /* ShoppingListView.swift */,
				2B34FB2A2AF782D2006D6835 /* ShoppingListTableViewCell.swift */,
				2B34FB372AF7C5C6006D6835 /* DetailViewController.swift */,
				2B34FB422AF8B516006D6835 /* ShoppingListViewModel.swift */,
				2BD7419E2B04FC05006C11B2 /* ViewModelType.swift */,
			);
			path = ShoppingList;
			sourceTree = "<group>";
		};
		2B34FB392AF7EAC5006D6835 /* Application */ = {
			isa = PBXGroup;
			children = (
				2BAAFDF82A724CFC000E18FD /* AppDelegate.swift */,
				2BAAFDFA2A724CFC000E18FD /* SceneDelegate.swift */,
				2BAAFDFC2A724CFC000E18FD /* ViewController.swift */,
			);
			path = Application;
			sourceTree = "<group>";
		};
		2B34FB3A2AF7EADD006D6835 /* Storyboard */ = {
			isa = PBXGroup;
			children = (
				2BAAFE102A725E96000E18FD /* SettingTableViewController.swift */,
				2BAAFE122A727023000E18FD /* ShoppingTableViewController.swift */,
				2BAAFDFE2A724CFC000E18FD /* Main.storyboard */,
			);
			path = Storyboard;
			sourceTree = "<group>";
		};
		2BAAFDEC2A724CFC000E18FD = {
			isa = PBXGroup;
			children = (
				2BAAFDF72A724CFC000E18FD /* Setting */,
				2BAAFDF62A724CFC000E18FD /* Products */,
			);
			sourceTree = "<group>";
		};
		2BAAFDF62A724CFC000E18FD /* Products */ = {
			isa = PBXGroup;
			children = (
				2BAAFDF52A724CFC000E18FD /* Setting.app */,
			);
			name = Products;
			sourceTree = "<group>";
		};
		2BAAFDF72A724CFC000E18FD /* Setting */ = {
			isa = PBXGroup;
			children = (
				2B34FB3A2AF7EADD006D6835 /* Storyboard */,
				2B34FB392AF7EAC5006D6835 /* Application */,
				2B34FB342AF7B290006D6835 /* ShoppingList */,
				2BAAFE012A724CFD000E18FD /* Assets.xcassets */,
				2BAAFE032A724CFD000E18FD /* LaunchScreen.storyboard */,
				2BAAFE062A724CFD000E18FD /* Info.plist */,
			);
			path = Setting;
			sourceTree = "<group>";
		};
/* End PBXGroup section */

/* Begin PBXNativeTarget section */
		2BAAFDF42A724CFC000E18FD /* Setting */ = {
			isa = PBXNativeTarget;
			buildConfigurationList = 2BAAFE092A724CFD000E18FD /* Build configuration list for PBXNativeTarget "Setting" */;
			buildPhases = (
				2BAAFDF12A724CFC000E18FD /* Sources */,
				2BAAFDF22A724CFC000E18FD /* Frameworks */,
				2BAAFDF32A724CFC000E18FD /* Resources */,
			);
			buildRules = (
			);
			dependencies = (
			);
			name = Setting;
			packageProductDependencies = (
				2B34FB2D2AF784E2006D6835 /* SnapKit */,
				2B34FB302AF78510006D6835 /* RxCocoa */,
				2B34FB322AF78510006D6835 /* RxSwift */,
			);
			productName = Setting;
			productReference = 2BAAFDF52A724CFC000E18FD /* Setting.app */;
			productType = "com.apple.product-type.application";
		};
/* End PBXNativeTarget section */

/* Begin PBXProject section */
		2BAAFDED2A724CFC000E18FD /* Project object */ = {
			isa = PBXProject;
			attributes = {
				BuildIndependentTargetsInParallel = 1;
				LastSwiftUpdateCheck = 1430;
				LastUpgradeCheck = 1430;
				TargetAttributes = {
					2BAAFDF42A724CFC000E18FD = {
						CreatedOnToolsVersion = 14.3.1;
					};
				};
			};
			buildConfigurationList = 2BAAFDF02A724CFC000E18FD /* Build configuration list for PBXProject "Setting" */;
			compatibilityVersion = "Xcode 14.0";
			developmentRegion = en;
			hasScannedForEncodings = 0;
			knownRegions = (
				en,
				Base,
			);
			mainGroup = 2BAAFDEC2A724CFC000E18FD;
			packageReferences = (
				2B34FB2C2AF784E2006D6835 /* XCRemoteSwiftPackageReference "SnapKit" */,
				2B34FB2F2AF78510006D6835 /* XCRemoteSwiftPackageReference "RxSwift" */,
			);
			productRefGroup = 2BAAFDF62A724CFC000E18FD /* Products */;
			projectDirPath = "";
			projectRoot = "";
			targets = (
				2BAAFDF42A724CFC000E18FD /* Setting */,
			);
		};
/* End PBXProject section */

/* Begin PBXResourcesBuildPhase section */
		2BAAFDF32A724CFC000E18FD /* Resources */ = {
			isa = PBXResourcesBuildPhase;
			buildActionMask = 2147483647;
			files = (
				2BAAFE052A724CFD000E18FD /* LaunchScreen.storyboard in Resources */,
				2BAAFE022A724CFD000E18FD /* Assets.xcassets in Resources */,
				2BAAFE002A724CFC000E18FD /* Main.storyboard in Resources */,
			);
			runOnlyForDeploymentPostprocessing = 0;
		};
/* End PBXResourcesBuildPhase section */

/* Begin PBXSourcesBuildPhase section */
		2BAAFDF12A724CFC000E18FD /* Sources */ = {
			isa = PBXSourcesBuildPhase;
			buildActionMask = 2147483647;
			files = (
				2BD7419F2B04FC05006C11B2 /* ViewModelType.swift in Sources */,
				2BD741CE2B062656006C11B2 /* ShoppingListView.swift in Sources */,
				2B34FB382AF7C5C6006D6835 /* DetailViewController.swift in Sources */,
				2BAAFE112A725E96000E18FD /* SettingTableViewController.swift in Sources */,
				2BAAFDFD2A724CFC000E18FD /* ViewController.swift in Sources */,
				2B34FB292AF7826A006D6835 /* ShoppingListViewController.swift in Sources */,
				2B34FB432AF8B516006D6835 /* ShoppingListViewModel.swift in Sources */,
				2B34FB2B2AF782D2006D6835 /* ShoppingListTableViewCell.swift in Sources */,
				2BAAFDF92A724CFC000E18FD /* AppDelegate.swift in Sources */,
				2BAAFE132A727023000E18FD /* ShoppingTableViewController.swift in Sources */,
				2BAAFDFB2A724CFC000E18FD /* SceneDelegate.swift in Sources */,
			);
			runOnlyForDeploymentPostprocessing = 0;
		};
/* End PBXSourcesBuildPhase section */

/* Begin PBXVariantGroup section */
		2BAAFDFE2A724CFC000E18FD /* Main.storyboard */ = {
			isa = PBXVariantGroup;
			children = (
				2BAAFDFF2A724CFC000E18FD /* Base */,
			);
			name = Main.storyboard;
			sourceTree = "<group>";
		};
		2BAAFE032A724CFD000E18FD /* LaunchScreen.storyboard */ = {
			isa = PBXVariantGroup;
			children = (
				2BAAFE042A724CFD000E18FD /* Base */,
			);
			name = LaunchScreen.storyboard;
			sourceTree = "<group>";
		};
/* End PBXVariantGroup section */

/* Begin XCBuildConfiguration section */
		2BAAFE072A724CFD000E18FD /* Debug */ = {
			isa = XCBuildConfiguration;
			buildSettings = {
				ALWAYS_SEARCH_USER_PATHS = NO;
				CLANG_ANALYZER_NONNULL = YES;
				CLANG_ANALYZER_NUMBER_OBJECT_CONVERSION = YES_AGGRESSIVE;
				CLANG_CXX_LANGUAGE_STANDARD = "gnu++20";
				CLANG_ENABLE_MODULES = YES;
				CLANG_ENABLE_OBJC_ARC = YES;
				CLANG_ENABLE_OBJC_WEAK = YES;
				CLANG_WARN_BLOCK_CAPTURE_AUTORELEASING = YES;
				CLANG_WARN_BOOL_CONVERSION = YES;
				CLANG_WARN_COMMA = YES;
				CLANG_WARN_CONSTANT_CONVERSION = YES;
				CLANG_WARN_DEPRECATED_OBJC_IMPLEMENTATIONS = YES;
				CLANG_WARN_DIRECT_OBJC_ISA_USAGE = YES_ERROR;
				CLANG_WARN_DOCUMENTATION_COMMENTS = YES;
				CLANG_WARN_EMPTY_BODY = YES;
				CLANG_WARN_ENUM_CONVERSION = YES;
				CLANG_WARN_INFINITE_RECURSION = YES;
				CLANG_WARN_INT_CONVERSION = YES;
				CLANG_WARN_NON_LITERAL_NULL_CONVERSION = YES;
				CLANG_WARN_OBJC_IMPLICIT_RETAIN_SELF = YES;
				CLANG_WARN_OBJC_LITERAL_CONVERSION = YES;
				CLANG_WARN_OBJC_ROOT_CLASS = YES_ERROR;
				CLANG_WARN_QUOTED_INCLUDE_IN_FRAMEWORK_HEADER = YES;
				CLANG_WARN_RANGE_LOOP_ANALYSIS = YES;
				CLANG_WARN_STRICT_PROTOTYPES = YES;
				CLANG_WARN_SUSPICIOUS_MOVE = YES;
				CLANG_WARN_UNGUARDED_AVAILABILITY = YES_AGGRESSIVE;
				CLANG_WARN_UNREACHABLE_CODE = YES;
				CLANG_WARN__DUPLICATE_METHOD_MATCH = YES;
				COPY_PHASE_STRIP = NO;
				DEBUG_INFORMATION_FORMAT = dwarf;
				ENABLE_STRICT_OBJC_MSGSEND = YES;
				ENABLE_TESTABILITY = YES;
				GCC_C_LANGUAGE_STANDARD = gnu11;
				GCC_DYNAMIC_NO_PIC = NO;
				GCC_NO_COMMON_BLOCKS = YES;
				GCC_OPTIMIZATION_LEVEL = 0;
				GCC_PREPROCESSOR_DEFINITIONS = (
					"DEBUG=1",
					"$(inherited)",
				);
				GCC_WARN_64_TO_32_BIT_CONVERSION = YES;
				GCC_WARN_ABOUT_RETURN_TYPE = YES_ERROR;
				GCC_WARN_UNDECLARED_SELECTOR = YES;
				GCC_WARN_UNINITIALIZED_AUTOS = YES_AGGRESSIVE;
				GCC_WARN_UNUSED_FUNCTION = YES;
				GCC_WARN_UNUSED_VARIABLE = YES;
				IPHONEOS_DEPLOYMENT_TARGET = 16.4;
				MTL_ENABLE_DEBUG_INFO = INCLUDE_SOURCE;
				MTL_FAST_MATH = YES;
				ONLY_ACTIVE_ARCH = YES;
				SDKROOT = iphoneos;
				SWIFT_ACTIVE_COMPILATION_CONDITIONS = DEBUG;
				SWIFT_OPTIMIZATION_LEVEL = "-Onone";
			};
			name = Debug;
		};
		2BAAFE082A724CFD000E18FD /* Release */ = {
			isa = XCBuildConfiguration;
			buildSettings = {
				ALWAYS_SEARCH_USER_PATHS = NO;
				CLANG_ANALYZER_NONNULL = YES;
				CLANG_ANALYZER_NUMBER_OBJECT_CONVERSION = YES_AGGRESSIVE;
				CLANG_CXX_LANGUAGE_STANDARD = "gnu++20";
				CLANG_ENABLE_MODULES = YES;
				CLANG_ENABLE_OBJC_ARC = YES;
				CLANG_ENABLE_OBJC_WEAK = YES;
				CLANG_WARN_BLOCK_CAPTURE_AUTORELEASING = YES;
				CLANG_WARN_BOOL_CONVERSION = YES;
				CLANG_WARN_COMMA = YES;
				CLANG_WARN_CONSTANT_CONVERSION = YES;
				CLANG_WARN_DEPRECATED_OBJC_IMPLEMENTATIONS = YES;
				CLANG_WARN_DIRECT_OBJC_ISA_USAGE = YES_ERROR;
				CLANG_WARN_DOCUMENTATION_COMMENTS = YES;
				CLANG_WARN_EMPTY_BODY = YES;
				CLANG_WARN_ENUM_CONVERSION = YES;
				CLANG_WARN_INFINITE_RECURSION = YES;
				CLANG_WARN_INT_CONVERSION = YES;
				CLANG_WARN_NON_LITERAL_NULL_CONVERSION = YES;
				CLANG_WARN_OBJC_IMPLICIT_RETAIN_SELF = YES;
				CLANG_WARN_OBJC_LITERAL_CONVERSION = YES;
				CLANG_WARN_OBJC_ROOT_CLASS = YES_ERROR;
				CLANG_WARN_QUOTED_INCLUDE_IN_FRAMEWORK_HEADER = YES;
				CLANG_WARN_RANGE_LOOP_ANALYSIS = YES;
				CLANG_WARN_STRICT_PROTOTYPES = YES;
				CLANG_WARN_SUSPICIOUS_MOVE = YES;
				CLANG_WARN_UNGUARDED_AVAILABILITY = YES_AGGRESSIVE;
				CLANG_WARN_UNREACHABLE_CODE = YES;
				CLANG_WARN__DUPLICATE_METHOD_MATCH = YES;
				COPY_PHASE_STRIP = NO;
				DEBUG_INFORMATION_FORMAT = "dwarf-with-dsym";
				ENABLE_NS_ASSERTIONS = NO;
				ENABLE_STRICT_OBJC_MSGSEND = YES;
				GCC_C_LANGUAGE_STANDARD = gnu11;
				GCC_NO_COMMON_BLOCKS = YES;
				GCC_WARN_64_TO_32_BIT_CONVERSION = YES;
				GCC_WARN_ABOUT_RETURN_TYPE = YES_ERROR;
				GCC_WARN_UNDECLARED_SELECTOR = YES;
				GCC_WARN_UNINITIALIZED_AUTOS = YES_AGGRESSIVE;
				GCC_WARN_UNUSED_FUNCTION = YES;
				GCC_WARN_UNUSED_VARIABLE = YES;
				IPHONEOS_DEPLOYMENT_TARGET = 16.4;
				MTL_ENABLE_DEBUG_INFO = NO;
				MTL_FAST_MATH = YES;
				SDKROOT = iphoneos;
				SWIFT_COMPILATION_MODE = wholemodule;
				SWIFT_OPTIMIZATION_LEVEL = "-O";
				VALIDATE_PRODUCT = YES;
			};
			name = Release;
		};
		2BAAFE0A2A724CFD000E18FD /* Debug */ = {
			isa = XCBuildConfiguration;
			buildSettings = {
				ASSETCATALOG_COMPILER_APPICON_NAME = AppIcon;
				ASSETCATALOG_COMPILER_GLOBAL_ACCENT_COLOR_NAME = AccentColor;
				CODE_SIGN_STYLE = Automatic;
				CURRENT_PROJECT_VERSION = 1;
				GENERATE_INFOPLIST_FILE = YES;
				INFOPLIST_FILE = Setting/Info.plist;
				INFOPLIST_KEY_UIApplicationSupportsIndirectInputEvents = YES;
				INFOPLIST_KEY_UILaunchStoryboardName = LaunchScreen;
				INFOPLIST_KEY_UIMainStoryboardFile = Main;
				INFOPLIST_KEY_UISupportedInterfaceOrientations_iPad = "UIInterfaceOrientationPortrait UIInterfaceOrientationPortraitUpsideDown UIInterfaceOrientationLandscapeLeft UIInterfaceOrientationLandscapeRight";
				INFOPLIST_KEY_UISupportedInterfaceOrientations_iPhone = "UIInterfaceOrientationPortrait UIInterfaceOrientationLandscapeLeft UIInterfaceOrientationLandscapeRight";
				LD_RUNPATH_SEARCH_PATHS = (
					"$(inherited)",
					"@executable_path/Frameworks",
				);
				MARKETING_VERSION = 1.0;
				PRODUCT_BUNDLE_IDENTIFIER = com.yerihwang.Setting;
				PRODUCT_NAME = "$(TARGET_NAME)";
				SWIFT_EMIT_LOC_STRINGS = YES;
				SWIFT_VERSION = 5.0;
				TARGETED_DEVICE_FAMILY = "1,2";
			};
			name = Debug;
		};
		2BAAFE0B2A724CFD000E18FD /* Release */ = {
			isa = XCBuildConfiguration;
			buildSettings = {
				ASSETCATALOG_COMPILER_APPICON_NAME = AppIcon;
				ASSETCATALOG_COMPILER_GLOBAL_ACCENT_COLOR_NAME = AccentColor;
				CODE_SIGN_STYLE = Automatic;
				CURRENT_PROJECT_VERSION = 1;
				GENERATE_INFOPLIST_FILE = YES;
				INFOPLIST_FILE = Setting/Info.plist;
				INFOPLIST_KEY_UIApplicationSupportsIndirectInputEvents = YES;
				INFOPLIST_KEY_UILaunchStoryboardName = LaunchScreen;
				INFOPLIST_KEY_UIMainStoryboardFile = Main;
				INFOPLIST_KEY_UISupportedInterfaceOrientations_iPad = "UIInterfaceOrientationPortrait UIInterfaceOrientationPortraitUpsideDown UIInterfaceOrientationLandscapeLeft UIInterfaceOrientationLandscapeRight";
				INFOPLIST_KEY_UISupportedInterfaceOrientations_iPhone = "UIInterfaceOrientationPortrait UIInterfaceOrientationLandscapeLeft UIInterfaceOrientationLandscapeRight";
				LD_RUNPATH_SEARCH_PATHS = (
					"$(inherited)",
					"@executable_path/Frameworks",
				);
				MARKETING_VERSION = 1.0;
				PRODUCT_BUNDLE_IDENTIFIER = com.yerihwang.Setting;
				PRODUCT_NAME = "$(TARGET_NAME)";
				SWIFT_EMIT_LOC_STRINGS = YES;
				SWIFT_VERSION = 5.0;
				TARGETED_DEVICE_FAMILY = "1,2";
			};
			name = Release;
		};
/* End XCBuildConfiguration section */

/* Begin XCConfigurationList section */
		2BAAFDF02A724CFC000E18FD /* Build configuration list for PBXProject "Setting" */ = {
			isa = XCConfigurationList;
			buildConfigurations = (
				2BAAFE072A724CFD000E18FD /* Debug */,
				2BAAFE082A724CFD000E18FD /* Release */,
			);
			defaultConfigurationIsVisible = 0;
			defaultConfigurationName = Release;
		};
		2BAAFE092A724CFD000E18FD /* Build configuration list for PBXNativeTarget "Setting" */ = {
			isa = XCConfigurationList;
			buildConfigurations = (
				2BAAFE0A2A724CFD000E18FD /* Debug */,
				2BAAFE0B2A724CFD000E18FD /* Release */,
			);
			defaultConfigurationIsVisible = 0;
			defaultConfigurationName = Release;
		};
/* End XCConfigurationList section */

/* Begin XCRemoteSwiftPackageReference section */
		2B34FB2C2AF784E2006D6835 /* XCRemoteSwiftPackageReference "SnapKit" */ = {
			isa = XCRemoteSwiftPackageReference;
			repositoryURL = "https://github.com/SnapKit/SnapKit";
			requirement = {
				kind = upToNextMajorVersion;
				minimumVersion = 5.6.0;
			};
		};
		2B34FB2F2AF78510006D6835 /* XCRemoteSwiftPackageReference "RxSwift" */ = {
			isa = XCRemoteSwiftPackageReference;
			repositoryURL = "https://github.com/ReactiveX/RxSwift.git";
			requirement = {
				kind = upToNextMajorVersion;
				minimumVersion = 6.6.0;
			};
		};
/* End XCRemoteSwiftPackageReference section */

/* Begin XCSwiftPackageProductDependency section */
		2B34FB2D2AF784E2006D6835 /* SnapKit */ = {
			isa = XCSwiftPackageProductDependency;
			package = 2B34FB2C2AF784E2006D6835 /* XCRemoteSwiftPackageReference "SnapKit" */;
			productName = SnapKit;
		};
		2B34FB302AF78510006D6835 /* RxCocoa */ = {
			isa = XCSwiftPackageProductDependency;
			package = 2B34FB2F2AF78510006D6835 /* XCRemoteSwiftPackageReference "RxSwift" */;
			productName = RxCocoa;
		};
		2B34FB322AF78510006D6835 /* RxSwift */ = {
			isa = XCSwiftPackageProductDependency;
			package = 2B34FB2F2AF78510006D6835 /* XCRemoteSwiftPackageReference "RxSwift" */;
			productName = RxSwift;
		};
/* End XCSwiftPackageProductDependency section */
	};
	rootObject = 2BAAFDED2A724CFC000E18FD /* Project object */;
}
