// !$*UTF8*$!
{
	archiveVersion = 1;
	classes = {
	};
	objectVersion = 56;
	objects = {

/* Begin PBXBuildFile section */
		2B1243732AB9294D00E5EC4A /* AppDelegate.swift in Sources */ = {isa = PBXBuildFile; fileRef = 2B1243722AB9294D00E5EC4A /* AppDelegate.swift */; };
		2B1243752AB9294D00E5EC4A /* SceneDelegate.swift in Sources */ = {isa = PBXBuildFile; fileRef = 2B1243742AB9294D00E5EC4A /* SceneDelegate.swift */; };
		2B1243772AB9294D00E5EC4A /* ViewController.swift in Sources */ = {isa = PBXBuildFile; fileRef = 2B1243762AB9294D00E5EC4A /* ViewController.swift */; };
		2B12437A2AB9294D00E5EC4A /* Main.storyboard in Resources */ = {isa = PBXBuildFile; fileRef = 2B1243782AB9294D00E5EC4A /* Main.storyboard */; };
		2B12437C2AB9294F00E5EC4A /* Assets.xcassets in Resources */ = {isa = PBXBuildFile; fileRef = 2B12437B2AB9294F00E5EC4A /* Assets.xcassets */; };
		2B12437F2AB9294F00E5EC4A /* LaunchScreen.storyboard in Resources */ = {isa = PBXBuildFile; fileRef = 2B12437D2AB9294F00E5EC4A /* LaunchScreen.storyboard */; };
		2B1243882AB9296600E5EC4A /* Alamofire in Frameworks */ = {isa = PBXBuildFile; productRef = 2B1243872AB9296600E5EC4A /* Alamofire */; };
		2B12438B2AB9297300E5EC4A /* SnapKit in Frameworks */ = {isa = PBXBuildFile; productRef = 2B12438A2AB9297300E5EC4A /* SnapKit */; };
		2B12438E2AB9297F00E5EC4A /* Kingfisher in Frameworks */ = {isa = PBXBuildFile; productRef = 2B12438D2AB9297F00E5EC4A /* Kingfisher */; };
		2B1243912AB93CD400E5EC4A /* NetworkBasic.swift in Sources */ = {isa = PBXBuildFile; fileRef = 2B1243902AB93CD400E5EC4A /* NetworkBasic.swift */; };
		2B1243932AB964A200E5EC4A /* SeSACAPI.swift in Sources */ = {isa = PBXBuildFile; fileRef = 2B1243922AB964A200E5EC4A /* SeSACAPI.swift */; };
		2B1243952AB9743900E5EC4A /* Network.swift in Sources */ = {isa = PBXBuildFile; fileRef = 2B1243942AB9743900E5EC4A /* Network.swift */; };
		2B1243972ABA764200E5EC4A /* Router.swift in Sources */ = {isa = PBXBuildFile; fileRef = 2B1243962ABA764200E5EC4A /* Router.swift */; };
		2B1243992ABA9A9000E5EC4A /* ViewModel.swift in Sources */ = {isa = PBXBuildFile; fileRef = 2B1243982ABA9A9000E5EC4A /* ViewModel.swift */; };
		2B12439C2ABAFF5C00E5EC4A /* Beer.swift in Sources */ = {isa = PBXBuildFile; fileRef = 2B12439B2ABAFF5C00E5EC4A /* Beer.swift */; };
		2B12439E2ABB004500E5EC4A /* BeerAPI.swift in Sources */ = {isa = PBXBuildFile; fileRef = 2B12439D2ABB004500E5EC4A /* BeerAPI.swift */; };
		2B1243A02ABB01FC00E5EC4A /* NetworkBeer.swift in Sources */ = {isa = PBXBuildFile; fileRef = 2B12439F2ABB01FC00E5EC4A /* NetworkBeer.swift */; };
		2B1243A22ABB054000E5EC4A /* BeerViewController.swift in Sources */ = {isa = PBXBuildFile; fileRef = 2B1243A12ABB054000E5EC4A /* BeerViewController.swift */; };
		2B1243A42ABB073900E5EC4A /* BeerViewModel.swift in Sources */ = {isa = PBXBuildFile; fileRef = 2B1243A32ABB073900E5EC4A /* BeerViewModel.swift */; };
		2B1243A62ABB133000E5EC4A /* BeerRouter.swift in Sources */ = {isa = PBXBuildFile; fileRef = 2B1243A52ABB133000E5EC4A /* BeerRouter.swift */; };
		2B1243A82ABB1AC400E5EC4A /* BeerLabel.swift in Sources */ = {isa = PBXBuildFile; fileRef = 2B1243A72ABB1AC400E5EC4A /* BeerLabel.swift */; };
/* End PBXBuildFile section */

/* Begin PBXFileReference section */
		2B12436F2AB9294D00E5EC4A /* SeSACWeek10.app */ = {isa = PBXFileReference; explicitFileType = wrapper.application; includeInIndex = 0; path = SeSACWeek10.app; sourceTree = BUILT_PRODUCTS_DIR; };
		2B1243722AB9294D00E5EC4A /* AppDelegate.swift */ = {isa = PBXFileReference; lastKnownFileType = sourcecode.swift; path = AppDelegate.swift; sourceTree = "<group>"; };
		2B1243742AB9294D00E5EC4A /* SceneDelegate.swift */ = {isa = PBXFileReference; lastKnownFileType = sourcecode.swift; path = SceneDelegate.swift; sourceTree = "<group>"; };
		2B1243762AB9294D00E5EC4A /* ViewController.swift */ = {isa = PBXFileReference; lastKnownFileType = sourcecode.swift; path = ViewController.swift; sourceTree = "<group>"; };
		2B1243792AB9294D00E5EC4A /* Base */ = {isa = PBXFileReference; lastKnownFileType = file.storyboard; name = Base; path = Base.lproj/Main.storyboard; sourceTree = "<group>"; };
		2B12437B2AB9294F00E5EC4A /* Assets.xcassets */ = {isa = PBXFileReference; lastKnownFileType = folder.assetcatalog; path = Assets.xcassets; sourceTree = "<group>"; };
		2B12437E2AB9294F00E5EC4A /* Base */ = {isa = PBXFileReference; lastKnownFileType = file.storyboard; name = Base; path = Base.lproj/LaunchScreen.storyboard; sourceTree = "<group>"; };
		2B1243802AB9294F00E5EC4A /* Info.plist */ = {isa = PBXFileReference; lastKnownFileType = text.plist.xml; path = Info.plist; sourceTree = "<group>"; };
		2B1243902AB93CD400E5EC4A /* NetworkBasic.swift */ = {isa = PBXFileReference; lastKnownFileType = sourcecode.swift; path = NetworkBasic.swift; sourceTree = "<group>"; };
		2B1243922AB964A200E5EC4A /* SeSACAPI.swift */ = {isa = PBXFileReference; lastKnownFileType = sourcecode.swift; path = SeSACAPI.swift; sourceTree = "<group>"; };
		2B1243942AB9743900E5EC4A /* Network.swift */ = {isa = PBXFileReference; lastKnownFileType = sourcecode.swift; path = Network.swift; sourceTree = "<group>"; };
		2B1243962ABA764200E5EC4A /* Router.swift */ = {isa = PBXFileReference; lastKnownFileType = sourcecode.swift; path = Router.swift; sourceTree = "<group>"; };
		2B1243982ABA9A9000E5EC4A /* ViewModel.swift */ = {isa = PBXFileReference; lastKnownFileType = sourcecode.swift; path = ViewModel.swift; sourceTree = "<group>"; };
		2B12439B2ABAFF5C00E5EC4A /* Beer.swift */ = {isa = PBXFileReference; lastKnownFileType = sourcecode.swift; path = Beer.swift; sourceTree = "<group>"; };
		2B12439D2ABB004500E5EC4A /* BeerAPI.swift */ = {isa = PBXFileReference; lastKnownFileType = sourcecode.swift; path = BeerAPI.swift; sourceTree = "<group>"; };
		2B12439F2ABB01FC00E5EC4A /* NetworkBeer.swift */ = {isa = PBXFileReference; lastKnownFileType = sourcecode.swift; path = NetworkBeer.swift; sourceTree = "<group>"; };
		2B1243A12ABB054000E5EC4A /* BeerViewController.swift */ = {isa = PBXFileReference; lastKnownFileType = sourcecode.swift; path = BeerViewController.swift; sourceTree = "<group>"; };
		2B1243A32ABB073900E5EC4A /* BeerViewModel.swift */ = {isa = PBXFileReference; lastKnownFileType = sourcecode.swift; path = BeerViewModel.swift; sourceTree = "<group>"; };
		2B1243A52ABB133000E5EC4A /* BeerRouter.swift */ = {isa = PBXFileReference; lastKnownFileType = sourcecode.swift; path = BeerRouter.swift; sourceTree = "<group>"; };
		2B1243A72ABB1AC400E5EC4A /* BeerLabel.swift */ = {isa = PBXFileReference; lastKnownFileType = sourcecode.swift; path = BeerLabel.swift; sourceTree = "<group>"; };
/* End PBXFileReference section */

/* Begin PBXFrameworksBuildPhase section */
		2B12436C2AB9294D00E5EC4A /* Frameworks */ = {
			isa = PBXFrameworksBuildPhase;
			buildActionMask = 2147483647;
			files = (
				2B12438E2AB9297F00E5EC4A /* Kingfisher in Frameworks */,
				2B1243882AB9296600E5EC4A /* Alamofire in Frameworks */,
				2B12438B2AB9297300E5EC4A /* SnapKit in Frameworks */,
			);
			runOnlyForDeploymentPostprocessing = 0;
		};
/* End PBXFrameworksBuildPhase section */

/* Begin PBXGroup section */
		2B1243662AB9294D00E5EC4A = {
			isa = PBXGroup;
			children = (
				2B1243712AB9294D00E5EC4A /* SeSACWeek10 */,
				2B1243702AB9294D00E5EC4A /* Products */,
			);
			sourceTree = "<group>";
		};
		2B1243702AB9294D00E5EC4A /* Products */ = {
			isa = PBXGroup;
			children = (
				2B12436F2AB9294D00E5EC4A /* SeSACWeek10.app */,
			);
			name = Products;
			sourceTree = "<group>";
		};
		2B1243712AB9294D00E5EC4A /* SeSACWeek10 */ = {
			isa = PBXGroup;
			children = (
				2B12439A2ABAFF4E00E5EC4A /* Beer */,
				2B12438F2AB93CB900E5EC4A /* Network */,
				2B1243722AB9294D00E5EC4A /* AppDelegate.swift */,
				2B1243742AB9294D00E5EC4A /* SceneDelegate.swift */,
				2B1243762AB9294D00E5EC4A /* ViewController.swift */,
				2B1243982ABA9A9000E5EC4A /* ViewModel.swift */,
				2B1243782AB9294D00E5EC4A /* Main.storyboard */,
				2B12437B2AB9294F00E5EC4A /* Assets.xcassets */,
				2B12437D2AB9294F00E5EC4A /* LaunchScreen.storyboard */,
				2B1243802AB9294F00E5EC4A /* Info.plist */,
			);
			path = SeSACWeek10;
			sourceTree = "<group>";
		};
		2B12438F2AB93CB900E5EC4A /* Network */ = {
			isa = PBXGroup;
			children = (
				2B1243902AB93CD400E5EC4A /* NetworkBasic.swift */,
				2B1243922AB964A200E5EC4A /* SeSACAPI.swift */,
				2B1243942AB9743900E5EC4A /* Network.swift */,
				2B1243962ABA764200E5EC4A /* Router.swift */,
			);
			path = Network;
			sourceTree = "<group>";
		};
		2B12439A2ABAFF4E00E5EC4A /* Beer */ = {
			isa = PBXGroup;
			children = (
				2B1243A92ABB1CDC00E5EC4A /* BeerNetwork */,
				2B1243AB2ABB1D4500E5EC4A /* Model */,
				2B1243AA2ABB1CFB00E5EC4A /* View */,
				2B1243AC2ABB1D5F00E5EC4A /* ViewModel */,
			);
			path = Beer;
			sourceTree = "<group>";
		};
		2B1243A92ABB1CDC00E5EC4A /* BeerNetwork */ = {
			isa = PBXGroup;
			children = (
				2B12439D2ABB004500E5EC4A /* BeerAPI.swift */,
				2B12439F2ABB01FC00E5EC4A /* NetworkBeer.swift */,
				2B1243A52ABB133000E5EC4A /* BeerRouter.swift */,
			);
			path = BeerNetwork;
			sourceTree = "<group>";
		};
		2B1243AA2ABB1CFB00E5EC4A /* View */ = {
			isa = PBXGroup;
			children = (
				2B1243A12ABB054000E5EC4A /* BeerViewController.swift */,
				2B1243A72ABB1AC400E5EC4A /* BeerLabel.swift */,
			);
			path = View;
			sourceTree = "<group>";
		};
		2B1243AB2ABB1D4500E5EC4A /* Model */ = {
			isa = PBXGroup;
			children = (
				2B12439B2ABAFF5C00E5EC4A /* Beer.swift */,
			);
			path = Model;
			sourceTree = "<group>";
		};
		2B1243AC2ABB1D5F00E5EC4A /* ViewModel */ = {
			isa = PBXGroup;
			children = (
				2B1243A32ABB073900E5EC4A /* BeerViewModel.swift */,
			);
			path = ViewModel;
			sourceTree = "<group>";
		};
/* End PBXGroup section */

/* Begin PBXNativeTarget section */
		2B12436E2AB9294D00E5EC4A /* SeSACWeek10 */ = {
			isa = PBXNativeTarget;
			buildConfigurationList = 2B1243832AB9294F00E5EC4A /* Build configuration list for PBXNativeTarget "SeSACWeek10" */;
			buildPhases = (
				2B12436B2AB9294D00E5EC4A /* Sources */,
				2B12436C2AB9294D00E5EC4A /* Frameworks */,
				2B12436D2AB9294D00E5EC4A /* Resources */,
			);
			buildRules = (
			);
			dependencies = (
			);
			name = SeSACWeek10;
			packageProductDependencies = (
				2B1243872AB9296600E5EC4A /* Alamofire */,
				2B12438A2AB9297300E5EC4A /* SnapKit */,
				2B12438D2AB9297F00E5EC4A /* Kingfisher */,
			);
			productName = SeSACWeek10;
			productReference = 2B12436F2AB9294D00E5EC4A /* SeSACWeek10.app */;
			productType = "com.apple.product-type.application";
		};
/* End PBXNativeTarget section */

/* Begin PBXProject section */
		2B1243672AB9294D00E5EC4A /* Project object */ = {
			isa = PBXProject;
			attributes = {
				BuildIndependentTargetsInParallel = 1;
				LastSwiftUpdateCheck = 1430;
				LastUpgradeCheck = 1430;
				TargetAttributes = {
					2B12436E2AB9294D00E5EC4A = {
						CreatedOnToolsVersion = 14.3.1;
					};
				};
			};
			buildConfigurationList = 2B12436A2AB9294D00E5EC4A /* Build configuration list for PBXProject "SeSACWeek10" */;
			compatibilityVersion = "Xcode 14.0";
			developmentRegion = en;
			hasScannedForEncodings = 0;
			knownRegions = (
				en,
				Base,
			);
			mainGroup = 2B1243662AB9294D00E5EC4A;
			packageReferences = (
				2B1243862AB9296600E5EC4A /* XCRemoteSwiftPackageReference "Alamofire" */,
				2B1243892AB9297300E5EC4A /* XCRemoteSwiftPackageReference "SnapKit" */,
				2B12438C2AB9297F00E5EC4A /* XCRemoteSwiftPackageReference "Kingfisher" */,
			);
			productRefGroup = 2B1243702AB9294D00E5EC4A /* Products */;
			projectDirPath = "";
			projectRoot = "";
			targets = (
				2B12436E2AB9294D00E5EC4A /* SeSACWeek10 */,
			);
		};
/* End PBXProject section */

/* Begin PBXResourcesBuildPhase section */
		2B12436D2AB9294D00E5EC4A /* Resources */ = {
			isa = PBXResourcesBuildPhase;
			buildActionMask = 2147483647;
			files = (
				2B12437F2AB9294F00E5EC4A /* LaunchScreen.storyboard in Resources */,
				2B12437C2AB9294F00E5EC4A /* Assets.xcassets in Resources */,
				2B12437A2AB9294D00E5EC4A /* Main.storyboard in Resources */,
			);
			runOnlyForDeploymentPostprocessing = 0;
		};
/* End PBXResourcesBuildPhase section */

/* Begin PBXSourcesBuildPhase section */
		2B12436B2AB9294D00E5EC4A /* Sources */ = {
			isa = PBXSourcesBuildPhase;
			buildActionMask = 2147483647;
			files = (
				2B1243A62ABB133000E5EC4A /* BeerRouter.swift in Sources */,
				2B1243772AB9294D00E5EC4A /* ViewController.swift in Sources */,
				2B12439C2ABAFF5C00E5EC4A /* Beer.swift in Sources */,
				2B1243912AB93CD400E5EC4A /* NetworkBasic.swift in Sources */,
				2B1243952AB9743900E5EC4A /* Network.swift in Sources */,
				2B1243972ABA764200E5EC4A /* Router.swift in Sources */,
				2B1243932AB964A200E5EC4A /* SeSACAPI.swift in Sources */,
				2B1243A42ABB073900E5EC4A /* BeerViewModel.swift in Sources */,
				2B12439E2ABB004500E5EC4A /* BeerAPI.swift in Sources */,
				2B1243732AB9294D00E5EC4A /* AppDelegate.swift in Sources */,
				2B1243A22ABB054000E5EC4A /* BeerViewController.swift in Sources */,
				2B1243A02ABB01FC00E5EC4A /* NetworkBeer.swift in Sources */,
				2B1243992ABA9A9000E5EC4A /* ViewModel.swift in Sources */,
				2B1243752AB9294D00E5EC4A /* SceneDelegate.swift in Sources */,
				2B1243A82ABB1AC400E5EC4A /* BeerLabel.swift in Sources */,
			);
			runOnlyForDeploymentPostprocessing = 0;
		};
/* End PBXSourcesBuildPhase section */

/* Begin PBXVariantGroup section */
		2B1243782AB9294D00E5EC4A /* Main.storyboard */ = {
			isa = PBXVariantGroup;
			children = (
				2B1243792AB9294D00E5EC4A /* Base */,
			);
			name = Main.storyboard;
			sourceTree = "<group>";
		};
		2B12437D2AB9294F00E5EC4A /* LaunchScreen.storyboard */ = {
			isa = PBXVariantGroup;
			children = (
				2B12437E2AB9294F00E5EC4A /* Base */,
			);
			name = LaunchScreen.storyboard;
			sourceTree = "<group>";
		};
/* End PBXVariantGroup section */

/* Begin XCBuildConfiguration section */
		2B1243812AB9294F00E5EC4A /* Debug */ = {
			isa = XCBuildConfiguration;
			buildSettings = {
				ALWAYS_SEARCH_USER_PATHS = NO;
				CLANG_ANALYZER_NONNULL = YES;
				CLANG_ANALYZER_NUMBER_OBJECT_CONVERSION = YES_AGGRESSIVE;
				CLANG_CXX_LANGUAGE_STANDARD = "gnu++20";
				CLANG_ENABLE_MODULES = YES;
				CLANG_ENABLE_OBJC_ARC = YES;
				CLANG_ENABLE_OBJC_WEAK = YES;
				CLANG_WARN_BLOCK_CAPTURE_AUTORELEASING = YES;
				CLANG_WARN_BOOL_CONVERSION = YES;
				CLANG_WARN_COMMA = YES;
				CLANG_WARN_CONSTANT_CONVERSION = YES;
				CLANG_WARN_DEPRECATED_OBJC_IMPLEMENTATIONS = YES;
				CLANG_WARN_DIRECT_OBJC_ISA_USAGE = YES_ERROR;
				CLANG_WARN_DOCUMENTATION_COMMENTS = YES;
				CLANG_WARN_EMPTY_BODY = YES;
				CLANG_WARN_ENUM_CONVERSION = YES;
				CLANG_WARN_INFINITE_RECURSION = YES;
				CLANG_WARN_INT_CONVERSION = YES;
				CLANG_WARN_NON_LITERAL_NULL_CONVERSION = YES;
				CLANG_WARN_OBJC_IMPLICIT_RETAIN_SELF = YES;
				CLANG_WARN_OBJC_LITERAL_CONVERSION = YES;
				CLANG_WARN_OBJC_ROOT_CLASS = YES_ERROR;
				CLANG_WARN_QUOTED_INCLUDE_IN_FRAMEWORK_HEADER = YES;
				CLANG_WARN_RANGE_LOOP_ANALYSIS = YES;
				CLANG_WARN_STRICT_PROTOTYPES = YES;
				CLANG_WARN_SUSPICIOUS_MOVE = YES;
				CLANG_WARN_UNGUARDED_AVAILABILITY = YES_AGGRESSIVE;
				CLANG_WARN_UNREACHABLE_CODE = YES;
				CLANG_WARN__DUPLICATE_METHOD_MATCH = YES;
				COPY_PHASE_STRIP = NO;
				DEBUG_INFORMATION_FORMAT = dwarf;
				ENABLE_STRICT_OBJC_MSGSEND = YES;
				ENABLE_TESTABILITY = YES;
				GCC_C_LANGUAGE_STANDARD = gnu11;
				GCC_DYNAMIC_NO_PIC = NO;
				GCC_NO_COMMON_BLOCKS = YES;
				GCC_OPTIMIZATION_LEVEL = 0;
				GCC_PREPROCESSOR_DEFINITIONS = (
					"DEBUG=1",
					"$(inherited)",
				);
				GCC_WARN_64_TO_32_BIT_CONVERSION = YES;
				GCC_WARN_ABOUT_RETURN_TYPE = YES_ERROR;
				GCC_WARN_UNDECLARED_SELECTOR = YES;
				GCC_WARN_UNINITIALIZED_AUTOS = YES_AGGRESSIVE;
				GCC_WARN_UNUSED_FUNCTION = YES;
				GCC_WARN_UNUSED_VARIABLE = YES;
				IPHONEOS_DEPLOYMENT_TARGET = 16.4;
				MTL_ENABLE_DEBUG_INFO = INCLUDE_SOURCE;
				MTL_FAST_MATH = YES;
				ONLY_ACTIVE_ARCH = YES;
				SDKROOT = iphoneos;
				SWIFT_ACTIVE_COMPILATION_CONDITIONS = DEBUG;
				SWIFT_OPTIMIZATION_LEVEL = "-Onone";
			};
			name = Debug;
		};
		2B1243822AB9294F00E5EC4A /* Release */ = {
			isa = XCBuildConfiguration;
			buildSettings = {
				ALWAYS_SEARCH_USER_PATHS = NO;
				CLANG_ANALYZER_NONNULL = YES;
				CLANG_ANALYZER_NUMBER_OBJECT_CONVERSION = YES_AGGRESSIVE;
				CLANG_CXX_LANGUAGE_STANDARD = "gnu++20";
				CLANG_ENABLE_MODULES = YES;
				CLANG_ENABLE_OBJC_ARC = YES;
				CLANG_ENABLE_OBJC_WEAK = YES;
				CLANG_WARN_BLOCK_CAPTURE_AUTORELEASING = YES;
				CLANG_WARN_BOOL_CONVERSION = YES;
				CLANG_WARN_COMMA = YES;
				CLANG_WARN_CONSTANT_CONVERSION = YES;
				CLANG_WARN_DEPRECATED_OBJC_IMPLEMENTATIONS = YES;
				CLANG_WARN_DIRECT_OBJC_ISA_USAGE = YES_ERROR;
				CLANG_WARN_DOCUMENTATION_COMMENTS = YES;
				CLANG_WARN_EMPTY_BODY = YES;
				CLANG_WARN_ENUM_CONVERSION = YES;
				CLANG_WARN_INFINITE_RECURSION = YES;
				CLANG_WARN_INT_CONVERSION = YES;
				CLANG_WARN_NON_LITERAL_NULL_CONVERSION = YES;
				CLANG_WARN_OBJC_IMPLICIT_RETAIN_SELF = YES;
				CLANG_WARN_OBJC_LITERAL_CONVERSION = YES;
				CLANG_WARN_OBJC_ROOT_CLASS = YES_ERROR;
				CLANG_WARN_QUOTED_INCLUDE_IN_FRAMEWORK_HEADER = YES;
				CLANG_WARN_RANGE_LOOP_ANALYSIS = YES;
				CLANG_WARN_STRICT_PROTOTYPES = YES;
				CLANG_WARN_SUSPICIOUS_MOVE = YES;
				CLANG_WARN_UNGUARDED_AVAILABILITY = YES_AGGRESSIVE;
				CLANG_WARN_UNREACHABLE_CODE = YES;
				CLANG_WARN__DUPLICATE_METHOD_MATCH = YES;
				COPY_PHASE_STRIP = NO;
				DEBUG_INFORMATION_FORMAT = "dwarf-with-dsym";
				ENABLE_NS_ASSERTIONS = NO;
				ENABLE_STRICT_OBJC_MSGSEND = YES;
				GCC_C_LANGUAGE_STANDARD = gnu11;
				GCC_NO_COMMON_BLOCKS = YES;
				GCC_WARN_64_TO_32_BIT_CONVERSION = YES;
				GCC_WARN_ABOUT_RETURN_TYPE = YES_ERROR;
				GCC_WARN_UNDECLARED_SELECTOR = YES;
				GCC_WARN_UNINITIALIZED_AUTOS = YES_AGGRESSIVE;
				GCC_WARN_UNUSED_FUNCTION = YES;
				GCC_WARN_UNUSED_VARIABLE = YES;
				IPHONEOS_DEPLOYMENT_TARGET = 16.4;
				MTL_ENABLE_DEBUG_INFO = NO;
				MTL_FAST_MATH = YES;
				SDKROOT = iphoneos;
				SWIFT_COMPILATION_MODE = wholemodule;
				SWIFT_OPTIMIZATION_LEVEL = "-O";
				VALIDATE_PRODUCT = YES;
			};
			name = Release;
		};
		2B1243842AB9294F00E5EC4A /* Debug */ = {
			isa = XCBuildConfiguration;
			buildSettings = {
				ASSETCATALOG_COMPILER_APPICON_NAME = AppIcon;
				ASSETCATALOG_COMPILER_GLOBAL_ACCENT_COLOR_NAME = AccentColor;
				CODE_SIGN_STYLE = Automatic;
				CURRENT_PROJECT_VERSION = 1;
				GENERATE_INFOPLIST_FILE = YES;
				INFOPLIST_FILE = SeSACWeek10/Info.plist;
				INFOPLIST_KEY_UIApplicationSupportsIndirectInputEvents = YES;
				INFOPLIST_KEY_UILaunchStoryboardName = LaunchScreen;
				INFOPLIST_KEY_UIMainStoryboardFile = Main;
				INFOPLIST_KEY_UISupportedInterfaceOrientations_iPad = "UIInterfaceOrientationPortrait UIInterfaceOrientationPortraitUpsideDown UIInterfaceOrientationLandscapeLeft UIInterfaceOrientationLandscapeRight";
				INFOPLIST_KEY_UISupportedInterfaceOrientations_iPhone = "UIInterfaceOrientationPortrait UIInterfaceOrientationLandscapeLeft UIInterfaceOrientationLandscapeRight";
				LD_RUNPATH_SEARCH_PATHS = (
					"$(inherited)",
					"@executable_path/Frameworks",
				);
				MARKETING_VERSION = 1.0;
				PRODUCT_BUNDLE_IDENTIFIER = com.yerihwang.SeSACWeek10;
				PRODUCT_NAME = "$(TARGET_NAME)";
				SWIFT_EMIT_LOC_STRINGS = YES;
				SWIFT_VERSION = 5.0;
				TARGETED_DEVICE_FAMILY = "1,2";
			};
			name = Debug;
		};
		2B1243852AB9294F00E5EC4A /* Release */ = {
			isa = XCBuildConfiguration;
			buildSettings = {
				ASSETCATALOG_COMPILER_APPICON_NAME = AppIcon;
				ASSETCATALOG_COMPILER_GLOBAL_ACCENT_COLOR_NAME = AccentColor;
				CODE_SIGN_STYLE = Automatic;
				CURRENT_PROJECT_VERSION = 1;
				GENERATE_INFOPLIST_FILE = YES;
				INFOPLIST_FILE = SeSACWeek10/Info.plist;
				INFOPLIST_KEY_UIApplicationSupportsIndirectInputEvents = YES;
				INFOPLIST_KEY_UILaunchStoryboardName = LaunchScreen;
				INFOPLIST_KEY_UIMainStoryboardFile = Main;
				INFOPLIST_KEY_UISupportedInterfaceOrientations_iPad = "UIInterfaceOrientationPortrait UIInterfaceOrientationPortraitUpsideDown UIInterfaceOrientationLandscapeLeft UIInterfaceOrientationLandscapeRight";
				INFOPLIST_KEY_UISupportedInterfaceOrientations_iPhone = "UIInterfaceOrientationPortrait UIInterfaceOrientationLandscapeLeft UIInterfaceOrientationLandscapeRight";
				LD_RUNPATH_SEARCH_PATHS = (
					"$(inherited)",
					"@executable_path/Frameworks",
				);
				MARKETING_VERSION = 1.0;
				PRODUCT_BUNDLE_IDENTIFIER = com.yerihwang.SeSACWeek10;
				PRODUCT_NAME = "$(TARGET_NAME)";
				SWIFT_EMIT_LOC_STRINGS = YES;
				SWIFT_VERSION = 5.0;
				TARGETED_DEVICE_FAMILY = "1,2";
			};
			name = Release;
		};
/* End XCBuildConfiguration section */

/* Begin XCConfigurationList section */
		2B12436A2AB9294D00E5EC4A /* Build configuration list for PBXProject "SeSACWeek10" */ = {
			isa = XCConfigurationList;
			buildConfigurations = (
				2B1243812AB9294F00E5EC4A /* Debug */,
				2B1243822AB9294F00E5EC4A /* Release */,
			);
			defaultConfigurationIsVisible = 0;
			defaultConfigurationName = Release;
		};
		2B1243832AB9294F00E5EC4A /* Build configuration list for PBXNativeTarget "SeSACWeek10" */ = {
			isa = XCConfigurationList;
			buildConfigurations = (
				2B1243842AB9294F00E5EC4A /* Debug */,
				2B1243852AB9294F00E5EC4A /* Release */,
			);
			defaultConfigurationIsVisible = 0;
			defaultConfigurationName = Release;
		};
/* End XCConfigurationList section */

/* Begin XCRemoteSwiftPackageReference section */
		2B1243862AB9296600E5EC4A /* XCRemoteSwiftPackageReference "Alamofire" */ = {
			isa = XCRemoteSwiftPackageReference;
			repositoryURL = "https://github.com/Alamofire/Alamofire";
			requirement = {
				kind = upToNextMajorVersion;
				minimumVersion = 5.0.0;
			};
		};
		2B1243892AB9297300E5EC4A /* XCRemoteSwiftPackageReference "SnapKit" */ = {
			isa = XCRemoteSwiftPackageReference;
			repositoryURL = "https://github.com/SnapKit/SnapKit";
			requirement = {
				kind = upToNextMajorVersion;
				minimumVersion = 5.0.0;
			};
		};
		2B12438C2AB9297F00E5EC4A /* XCRemoteSwiftPackageReference "Kingfisher" */ = {
			isa = XCRemoteSwiftPackageReference;
			repositoryURL = "https://github.com/onevcat/Kingfisher";
			requirement = {
				kind = upToNextMajorVersion;
				minimumVersion = 7.0.0;
			};
		};
/* End XCRemoteSwiftPackageReference section */

/* Begin XCSwiftPackageProductDependency section */
		2B1243872AB9296600E5EC4A /* Alamofire */ = {
			isa = XCSwiftPackageProductDependency;
			package = 2B1243862AB9296600E5EC4A /* XCRemoteSwiftPackageReference "Alamofire" */;
			productName = Alamofire;
		};
		2B12438A2AB9297300E5EC4A /* SnapKit */ = {
			isa = XCSwiftPackageProductDependency;
			package = 2B1243892AB9297300E5EC4A /* XCRemoteSwiftPackageReference "SnapKit" */;
			productName = SnapKit;
		};
		2B12438D2AB9297F00E5EC4A /* Kingfisher */ = {
			isa = XCSwiftPackageProductDependency;
			package = 2B12438C2AB9297F00E5EC4A /* XCRemoteSwiftPackageReference "Kingfisher" */;
			productName = Kingfisher;
		};
/* End XCSwiftPackageProductDependency section */
	};
	rootObject = 2B1243672AB9294D00E5EC4A /* Project object */;
}
