// !$*UTF8*$!
{
	archiveVersion = 1;
	classes = {
	};
	objectVersion = 56;
	objects = {

/* Begin PBXBuildFile section */
		2B32D4802A8CDB8200874689 /* TrendData.swift in Sources */ = {isa = PBXBuildFile; fileRef = 2B32D47F2A8CDB8200874689 /* TrendData.swift */; };
		2B32D49C2A8E2C7B00874689 /* SearchViewController.swift in Sources */ = {isa = PBXBuildFile; fileRef = 2B32D49B2A8E2C7B00874689 /* SearchViewController.swift */; };
		2B32D4AD2A8F5C2300874689 /* SegmentViewController.swift in Sources */ = {isa = PBXBuildFile; fileRef = 2B32D4AC2A8F5C2300874689 /* SegmentViewController.swift */; };
		2B32D4DA2A93745E00874689 /* SimilarCollectionViewCell.swift in Sources */ = {isa = PBXBuildFile; fileRef = 2B32D4D82A93745E00874689 /* SimilarCollectionViewCell.swift */; };
		2B32D4DB2A93745E00874689 /* SimilarCollectionViewCell.xib in Resources */ = {isa = PBXBuildFile; fileRef = 2B32D4D92A93745E00874689 /* SimilarCollectionViewCell.xib */; };
		2B32D4E22A93748A00874689 /* VideoCollectionViewCell.swift in Sources */ = {isa = PBXBuildFile; fileRef = 2B32D4E02A93748A00874689 /* VideoCollectionViewCell.swift */; };
		2B32D4E32A93748A00874689 /* VideoCollectionViewCell.xib in Resources */ = {isa = PBXBuildFile; fileRef = 2B32D4E12A93748A00874689 /* VideoCollectionViewCell.xib */; };
		2B32D4E52A9377BA00874689 /* SimilarData.swift in Sources */ = {isa = PBXBuildFile; fileRef = 2B32D4E42A9377BA00874689 /* SimilarData.swift */; };
		2B32D4E72A9378A400874689 /* VideoData.swift in Sources */ = {isa = PBXBuildFile; fileRef = 2B32D4E62A9378A400874689 /* VideoData.swift */; };
		2B32D4E92A93795F00874689 /* SimilarAPIManager.swift in Sources */ = {isa = PBXBuildFile; fileRef = 2B32D4E82A93795F00874689 /* SimilarAPIManager.swift */; };
		2B32D4EB2A937AA600874689 /* VideoAPIManager.swift in Sources */ = {isa = PBXBuildFile; fileRef = 2B32D4EA2A937AA600874689 /* VideoAPIManager.swift */; };
		2B32D5322A9BB34E00874689 /* OnboardingViewController.swift in Sources */ = {isa = PBXBuildFile; fileRef = 2B32D5312A9BB34E00874689 /* OnboardingViewController.swift */; };
		2B32D56D2A9CA95000874689 /* BaseViewController.swift in Sources */ = {isa = PBXBuildFile; fileRef = 2B32D56C2A9CA95000874689 /* BaseViewController.swift */; };
		2B32D56F2A9CA95900874689 /* BaseView.swift in Sources */ = {isa = PBXBuildFile; fileRef = 2B32D56E2A9CA95900874689 /* BaseView.swift */; };
		2B32D5732A9CB94500874689 /* TrendView.swift in Sources */ = {isa = PBXBuildFile; fileRef = 2B32D5722A9CB94500874689 /* TrendView.swift */; };
		2B32D5762A9CB9B400874689 /* SnapKit in Frameworks */ = {isa = PBXBuildFile; productRef = 2B32D5752A9CB9B400874689 /* SnapKit */; };
		2B32D5782A9CBA7F00874689 /* BaseTableViewCell.swift in Sources */ = {isa = PBXBuildFile; fileRef = 2B32D5772A9CBA7F00874689 /* BaseTableViewCell.swift */; };
		2B32D57A2A9CBE4D00874689 /* RateLabel.swift in Sources */ = {isa = PBXBuildFile; fileRef = 2B32D5792A9CBE4D00874689 /* RateLabel.swift */; };
		2B32D57C2A9CC04500874689 /* ContentLabel.swift in Sources */ = {isa = PBXBuildFile; fileRef = 2B32D57B2A9CC04500874689 /* ContentLabel.swift */; };
		2B32D5802A9CD41000874689 /* CreditView.swift in Sources */ = {isa = PBXBuildFile; fileRef = 2B32D57F2A9CD41000874689 /* CreditView.swift */; };
		2B32D5822A9CDBBD00874689 /* CreditImageView.swift in Sources */ = {isa = PBXBuildFile; fileRef = 2B32D5812A9CDBBD00874689 /* CreditImageView.swift */; };
		2B32D5842A9CDCD200874689 /* DividerView.swift in Sources */ = {isa = PBXBuildFile; fileRef = 2B32D5832A9CDCD200874689 /* DividerView.swift */; };
		2BAC1A342A878B1000A4C117 /* ReusableViewProtocol.swift in Sources */ = {isa = PBXBuildFile; fileRef = 2BAC1A332A878B1000A4C117 /* ReusableViewProtocol.swift */; };
		2BAC1A362A878B7000A4C117 /* TrendTableViewCell.swift in Sources */ = {isa = PBXBuildFile; fileRef = 2BAC1A352A878B7000A4C117 /* TrendTableViewCell.swift */; };
		2BAC1A392A87A0B200A4C117 /* Kingfisher in Frameworks */ = {isa = PBXBuildFile; productRef = 2BAC1A382A87A0B200A4C117 /* Kingfisher */; };
		2BAC1A3D2A8A58D600A4C117 /* CreditViewController.swift in Sources */ = {isa = PBXBuildFile; fileRef = 2BAC1A3C2A8A58D600A4C117 /* CreditViewController.swift */; };
		2BAC1A3F2A8A58E000A4C117 /* CreditTableViewCell.swift in Sources */ = {isa = PBXBuildFile; fileRef = 2BAC1A3E2A8A58E000A4C117 /* CreditTableViewCell.swift */; };
		2BAC1A412A8A58FE00A4C117 /* CreditAPIManager.swift in Sources */ = {isa = PBXBuildFile; fileRef = 2BAC1A402A8A58FE00A4C117 /* CreditAPIManager.swift */; };
		2BAC1A432A8A681100A4C117 /* CreditData.swift in Sources */ = {isa = PBXBuildFile; fileRef = 2BAC1A422A8A681100A4C117 /* CreditData.swift */; };
		2BEB593C2A87750B0089E607 /* AppDelegate.swift in Sources */ = {isa = PBXBuildFile; fileRef = 2BEB593B2A87750B0089E607 /* AppDelegate.swift */; };
		2BEB593E2A87750B0089E607 /* SceneDelegate.swift in Sources */ = {isa = PBXBuildFile; fileRef = 2BEB593D2A87750B0089E607 /* SceneDelegate.swift */; };
		2BEB59402A87750B0089E607 /* ViewController.swift in Sources */ = {isa = PBXBuildFile; fileRef = 2BEB593F2A87750B0089E607 /* ViewController.swift */; };
		2BEB59452A87750B0089E607 /* Assets.xcassets in Resources */ = {isa = PBXBuildFile; fileRef = 2BEB59442A87750B0089E607 /* Assets.xcassets */; };
		2BEB59482A87750B0089E607 /* LaunchScreen.storyboard in Resources */ = {isa = PBXBuildFile; fileRef = 2BEB59462A87750B0089E607 /* LaunchScreen.storyboard */; };
		2BEB59502A8775230089E607 /* .gitignore in Resources */ = {isa = PBXBuildFile; fileRef = 2BEB594F2A8775230089E607 /* .gitignore */; };
		2BEB59522A8775E90089E607 /* APIKey.swift in Sources */ = {isa = PBXBuildFile; fileRef = 2BEB59512A8775E90089E607 /* APIKey.swift */; };
		2BEB59542A8776590089E607 /* TrendAPIManager.swift in Sources */ = {isa = PBXBuildFile; fileRef = 2BEB59532A8776590089E607 /* TrendAPIManager.swift */; };
		2BEB59572A8777640089E607 /* Alamofire in Frameworks */ = {isa = PBXBuildFile; productRef = 2BEB59562A8777640089E607 /* Alamofire */; };
		2BEB595A2A8777710089E607 /* SwiftyJSON in Frameworks */ = {isa = PBXBuildFile; productRef = 2BEB59592A8777710089E607 /* SwiftyJSON */; };
		2BEB595C2A877AD00089E607 /* TrendViewController.swift in Sources */ = {isa = PBXBuildFile; fileRef = 2BEB595B2A877AD00089E607 /* TrendViewController.swift */; };
/* End PBXBuildFile section */

/* Begin PBXFileReference section */
		2B32D47F2A8CDB8200874689 /* TrendData.swift */ = {isa = PBXFileReference; lastKnownFileType = sourcecode.swift; path = TrendData.swift; sourceTree = "<group>"; };
		2B32D49B2A8E2C7B00874689 /* SearchViewController.swift */ = {isa = PBXFileReference; lastKnownFileType = sourcecode.swift; path = SearchViewController.swift; sourceTree = "<group>"; };
		2B32D4AC2A8F5C2300874689 /* SegmentViewController.swift */ = {isa = PBXFileReference; lastKnownFileType = sourcecode.swift; path = SegmentViewController.swift; sourceTree = "<group>"; };
		2B32D4D82A93745E00874689 /* SimilarCollectionViewCell.swift */ = {isa = PBXFileReference; lastKnownFileType = sourcecode.swift; path = SimilarCollectionViewCell.swift; sourceTree = "<group>"; };
		2B32D4D92A93745E00874689 /* SimilarCollectionViewCell.xib */ = {isa = PBXFileReference; lastKnownFileType = file.xib; path = SimilarCollectionViewCell.xib; sourceTree = "<group>"; };
		2B32D4E02A93748A00874689 /* VideoCollectionViewCell.swift */ = {isa = PBXFileReference; lastKnownFileType = sourcecode.swift; path = VideoCollectionViewCell.swift; sourceTree = "<group>"; };
		2B32D4E12A93748A00874689 /* VideoCollectionViewCell.xib */ = {isa = PBXFileReference; lastKnownFileType = file.xib; path = VideoCollectionViewCell.xib; sourceTree = "<group>"; };
		2B32D4E42A9377BA00874689 /* SimilarData.swift */ = {isa = PBXFileReference; lastKnownFileType = sourcecode.swift; path = SimilarData.swift; sourceTree = "<group>"; };
		2B32D4E62A9378A400874689 /* VideoData.swift */ = {isa = PBXFileReference; lastKnownFileType = sourcecode.swift; path = VideoData.swift; sourceTree = "<group>"; };
		2B32D4E82A93795F00874689 /* SimilarAPIManager.swift */ = {isa = PBXFileReference; lastKnownFileType = sourcecode.swift; path = SimilarAPIManager.swift; sourceTree = "<group>"; };
		2B32D4EA2A937AA600874689 /* VideoAPIManager.swift */ = {isa = PBXFileReference; lastKnownFileType = sourcecode.swift; path = VideoAPIManager.swift; sourceTree = "<group>"; };
		2B32D5312A9BB34E00874689 /* OnboardingViewController.swift */ = {isa = PBXFileReference; lastKnownFileType = sourcecode.swift; path = OnboardingViewController.swift; sourceTree = "<group>"; };
		2B32D56C2A9CA95000874689 /* BaseViewController.swift */ = {isa = PBXFileReference; lastKnownFileType = sourcecode.swift; path = BaseViewController.swift; sourceTree = "<group>"; };
		2B32D56E2A9CA95900874689 /* BaseView.swift */ = {isa = PBXFileReference; lastKnownFileType = sourcecode.swift; path = BaseView.swift; sourceTree = "<group>"; };
		2B32D5722A9CB94500874689 /* TrendView.swift */ = {isa = PBXFileReference; lastKnownFileType = sourcecode.swift; path = TrendView.swift; sourceTree = "<group>"; };
		2B32D5772A9CBA7F00874689 /* BaseTableViewCell.swift */ = {isa = PBXFileReference; lastKnownFileType = sourcecode.swift; path = BaseTableViewCell.swift; sourceTree = "<group>"; };
		2B32D5792A9CBE4D00874689 /* RateLabel.swift */ = {isa = PBXFileReference; lastKnownFileType = sourcecode.swift; path = RateLabel.swift; sourceTree = "<group>"; };
		2B32D57B2A9CC04500874689 /* ContentLabel.swift */ = {isa = PBXFileReference; lastKnownFileType = sourcecode.swift; path = ContentLabel.swift; sourceTree = "<group>"; };
		2B32D57F2A9CD41000874689 /* CreditView.swift */ = {isa = PBXFileReference; lastKnownFileType = sourcecode.swift; path = CreditView.swift; sourceTree = "<group>"; };
		2B32D5812A9CDBBD00874689 /* CreditImageView.swift */ = {isa = PBXFileReference; lastKnownFileType = sourcecode.swift; path = CreditImageView.swift; sourceTree = "<group>"; };
		2B32D5832A9CDCD200874689 /* DividerView.swift */ = {isa = PBXFileReference; lastKnownFileType = sourcecode.swift; path = DividerView.swift; sourceTree = "<group>"; };
		2BAC1A332A878B1000A4C117 /* ReusableViewProtocol.swift */ = {isa = PBXFileReference; lastKnownFileType = sourcecode.swift; path = ReusableViewProtocol.swift; sourceTree = "<group>"; };
		2BAC1A352A878B7000A4C117 /* TrendTableViewCell.swift */ = {isa = PBXFileReference; lastKnownFileType = sourcecode.swift; path = TrendTableViewCell.swift; sourceTree = "<group>"; };
		2BAC1A3C2A8A58D600A4C117 /* CreditViewController.swift */ = {isa = PBXFileReference; lastKnownFileType = sourcecode.swift; path = CreditViewController.swift; sourceTree = "<group>"; };
		2BAC1A3E2A8A58E000A4C117 /* CreditTableViewCell.swift */ = {isa = PBXFileReference; lastKnownFileType = sourcecode.swift; path = CreditTableViewCell.swift; sourceTree = "<group>"; };
		2BAC1A402A8A58FE00A4C117 /* CreditAPIManager.swift */ = {isa = PBXFileReference; lastKnownFileType = sourcecode.swift; path = CreditAPIManager.swift; sourceTree = "<group>"; };
		2BAC1A422A8A681100A4C117 /* CreditData.swift */ = {isa = PBXFileReference; lastKnownFileType = sourcecode.swift; path = CreditData.swift; sourceTree = "<group>"; };
		2BEB59382A87750B0089E607 /* Media.app */ = {isa = PBXFileReference; explicitFileType = wrapper.application; includeInIndex = 0; path = Media.app; sourceTree = BUILT_PRODUCTS_DIR; };
		2BEB593B2A87750B0089E607 /* AppDelegate.swift */ = {isa = PBXFileReference; lastKnownFileType = sourcecode.swift; path = AppDelegate.swift; sourceTree = "<group>"; };
		2BEB593D2A87750B0089E607 /* SceneDelegate.swift */ = {isa = PBXFileReference; lastKnownFileType = sourcecode.swift; path = SceneDelegate.swift; sourceTree = "<group>"; };
		2BEB593F2A87750B0089E607 /* ViewController.swift */ = {isa = PBXFileReference; lastKnownFileType = sourcecode.swift; path = ViewController.swift; sourceTree = "<group>"; };
		2BEB59442A87750B0089E607 /* Assets.xcassets */ = {isa = PBXFileReference; lastKnownFileType = folder.assetcatalog; path = Assets.xcassets; sourceTree = "<group>"; };
		2BEB59472A87750B0089E607 /* Base */ = {isa = PBXFileReference; lastKnownFileType = file.storyboard; name = Base; path = Base.lproj/LaunchScreen.storyboard; sourceTree = "<group>"; };
		2BEB59492A87750B0089E607 /* Info.plist */ = {isa = PBXFileReference; lastKnownFileType = text.plist.xml; path = Info.plist; sourceTree = "<group>"; };
		2BEB594F2A8775230089E607 /* .gitignore */ = {isa = PBXFileReference; lastKnownFileType = text; path = .gitignore; sourceTree = "<group>"; };
		2BEB59512A8775E90089E607 /* APIKey.swift */ = {isa = PBXFileReference; lastKnownFileType = sourcecode.swift; path = APIKey.swift; sourceTree = "<group>"; };
		2BEB59532A8776590089E607 /* TrendAPIManager.swift */ = {isa = PBXFileReference; lastKnownFileType = sourcecode.swift; path = TrendAPIManager.swift; sourceTree = "<group>"; };
		2BEB595B2A877AD00089E607 /* TrendViewController.swift */ = {isa = PBXFileReference; lastKnownFileType = sourcecode.swift; path = TrendViewController.swift; sourceTree = "<group>"; };
/* End PBXFileReference section */

/* Begin PBXFrameworksBuildPhase section */
		2BEB59352A87750B0089E607 /* Frameworks */ = {
			isa = PBXFrameworksBuildPhase;
			buildActionMask = 2147483647;
			files = (
				2BAC1A392A87A0B200A4C117 /* Kingfisher in Frameworks */,
				2B32D5762A9CB9B400874689 /* SnapKit in Frameworks */,
				2BEB595A2A8777710089E607 /* SwiftyJSON in Frameworks */,
				2BEB59572A8777640089E607 /* Alamofire in Frameworks */,
			);
			runOnlyForDeploymentPostprocessing = 0;
		};
/* End PBXFrameworksBuildPhase section */

/* Begin PBXGroup section */
		2B32D4972A8E09E200874689 /* Trend */ = {
			isa = PBXGroup;
			children = (
				2B32D57D2A9CD3BD00874689 /* Trend Network */,
				2BEB595B2A877AD00089E607 /* TrendViewController.swift */,
				2B32D5722A9CB94500874689 /* TrendView.swift */,
				2BAC1A352A878B7000A4C117 /* TrendTableViewCell.swift */,
				2B32D5792A9CBE4D00874689 /* RateLabel.swift */,
				2B32D57B2A9CC04500874689 /* ContentLabel.swift */,
			);
			path = Trend;
			sourceTree = "<group>";
		};
		2B32D4982A8E09F800874689 /* Credit */ = {
			isa = PBXGroup;
			children = (
				2B32D57E2A9CD3F400874689 /* Credit Network */,
				2BAC1A3C2A8A58D600A4C117 /* CreditViewController.swift */,
				2B32D57F2A9CD41000874689 /* CreditView.swift */,
				2BAC1A3E2A8A58E000A4C117 /* CreditTableViewCell.swift */,
				2B32D5812A9CDBBD00874689 /* CreditImageView.swift */,
				2B32D5832A9CDCD200874689 /* DividerView.swift */,
			);
			path = Credit;
			sourceTree = "<group>";
		};
		2B32D4992A8E0A1100874689 /* Network */ = {
			isa = PBXGroup;
			children = (
				2BEB59512A8775E90089E607 /* APIKey.swift */,
			);
			path = Network;
			sourceTree = "<group>";
		};
		2B32D49A2A8E0A4A00874689 /* Protocol */ = {
			isa = PBXGroup;
			children = (
				2BAC1A332A878B1000A4C117 /* ReusableViewProtocol.swift */,
			);
			path = Protocol;
			sourceTree = "<group>";
		};
		2B32D4AB2A8F5BBA00874689 /* Segment */ = {
			isa = PBXGroup;
			children = (
				2B32D4ED2A937B2000874689 /* Segment Data */,
				2B32D4EC2A937B0100874689 /* Segment Network */,
				2B32D4AC2A8F5C2300874689 /* SegmentViewController.swift */,
				2B32D4D82A93745E00874689 /* SimilarCollectionViewCell.swift */,
				2B32D4D92A93745E00874689 /* SimilarCollectionViewCell.xib */,
				2B32D4E02A93748A00874689 /* VideoCollectionViewCell.swift */,
				2B32D4E12A93748A00874689 /* VideoCollectionViewCell.xib */,
			);
			path = Segment;
			sourceTree = "<group>";
		};
		2B32D4EC2A937B0100874689 /* Segment Network */ = {
			isa = PBXGroup;
			children = (
				2B32D4E82A93795F00874689 /* SimilarAPIManager.swift */,
				2B32D4EA2A937AA600874689 /* VideoAPIManager.swift */,
			);
			path = "Segment Network";
			sourceTree = "<group>";
		};
		2B32D4ED2A937B2000874689 /* Segment Data */ = {
			isa = PBXGroup;
			children = (
				2B32D4E42A9377BA00874689 /* SimilarData.swift */,
				2B32D4E62A9378A400874689 /* VideoData.swift */,
			);
			path = "Segment Data";
			sourceTree = "<group>";
		};
		2B32D5302A9BB30D00874689 /* Onboarding */ = {
			isa = PBXGroup;
			children = (
				2B32D5312A9BB34E00874689 /* OnboardingViewController.swift */,
			);
			path = Onboarding;
			sourceTree = "<group>";
		};
		2B32D56B2A9CA93200874689 /* Base */ = {
			isa = PBXGroup;
			children = (
				2B32D56C2A9CA95000874689 /* BaseViewController.swift */,
				2B32D56E2A9CA95900874689 /* BaseView.swift */,
				2B32D5772A9CBA7F00874689 /* BaseTableViewCell.swift */,
			);
			path = Base;
			sourceTree = "<group>";
		};
		2B32D57D2A9CD3BD00874689 /* Trend Network */ = {
			isa = PBXGroup;
			children = (
				2BEB59532A8776590089E607 /* TrendAPIManager.swift */,
				2B32D47F2A8CDB8200874689 /* TrendData.swift */,
			);
			path = "Trend Network";
			sourceTree = "<group>";
		};
		2B32D57E2A9CD3F400874689 /* Credit Network */ = {
			isa = PBXGroup;
			children = (
				2BAC1A402A8A58FE00A4C117 /* CreditAPIManager.swift */,
				2BAC1A422A8A681100A4C117 /* CreditData.swift */,
			);
			path = "Credit Network";
			sourceTree = "<group>";
		};
		2BEB592F2A87750B0089E607 = {
			isa = PBXGroup;
			children = (
				2BEB593A2A87750B0089E607 /* Media */,
				2BEB59392A87750B0089E607 /* Products */,
			);
			sourceTree = "<group>";
		};
		2BEB59392A87750B0089E607 /* Products */ = {
			isa = PBXGroup;
			children = (
				2BEB59382A87750B0089E607 /* Media.app */,
			);
			name = Products;
			sourceTree = "<group>";
		};
		2BEB593A2A87750B0089E607 /* Media */ = {
			isa = PBXGroup;
			children = (
				2B32D56B2A9CA93200874689 /* Base */,
				2B32D5302A9BB30D00874689 /* Onboarding */,
				2B32D4AB2A8F5BBA00874689 /* Segment */,
				2BEB593B2A87750B0089E607 /* AppDelegate.swift */,
				2BEB593D2A87750B0089E607 /* SceneDelegate.swift */,
				2BEB593F2A87750B0089E607 /* ViewController.swift */,
				2B32D49B2A8E2C7B00874689 /* SearchViewController.swift */,
				2B32D4972A8E09E200874689 /* Trend */,
				2B32D4982A8E09F800874689 /* Credit */,
				2B32D4992A8E0A1100874689 /* Network */,
				2B32D49A2A8E0A4A00874689 /* Protocol */,
				2BEB594F2A8775230089E607 /* .gitignore */,
				2BEB59442A87750B0089E607 /* Assets.xcassets */,
				2BEB59462A87750B0089E607 /* LaunchScreen.storyboard */,
				2BEB59492A87750B0089E607 /* Info.plist */,
			);
			path = Media;
			sourceTree = "<group>";
		};
/* End PBXGroup section */

/* Begin PBXNativeTarget section */
		2BEB59372A87750B0089E607 /* Media */ = {
			isa = PBXNativeTarget;
			buildConfigurationList = 2BEB594C2A87750B0089E607 /* Build configuration list for PBXNativeTarget "Media" */;
			buildPhases = (
				2BEB59342A87750B0089E607 /* Sources */,
				2BEB59352A87750B0089E607 /* Frameworks */,
				2BEB59362A87750B0089E607 /* Resources */,
			);
			buildRules = (
			);
			dependencies = (
			);
			name = Media;
			packageProductDependencies = (
				2BEB59562A8777640089E607 /* Alamofire */,
				2BEB59592A8777710089E607 /* SwiftyJSON */,
				2BAC1A382A87A0B200A4C117 /* Kingfisher */,
				2B32D5752A9CB9B400874689 /* SnapKit */,
			);
			productName = Media;
			productReference = 2BEB59382A87750B0089E607 /* Media.app */;
			productType = "com.apple.product-type.application";
		};
/* End PBXNativeTarget section */

/* Begin PBXProject section */
		2BEB59302A87750B0089E607 /* Project object */ = {
			isa = PBXProject;
			attributes = {
				BuildIndependentTargetsInParallel = 1;
				LastSwiftUpdateCheck = 1430;
				LastUpgradeCheck = 1430;
				TargetAttributes = {
					2BEB59372A87750B0089E607 = {
						CreatedOnToolsVersion = 14.3.1;
					};
				};
			};
			buildConfigurationList = 2BEB59332A87750B0089E607 /* Build configuration list for PBXProject "Media" */;
			compatibilityVersion = "Xcode 14.0";
			developmentRegion = en;
			hasScannedForEncodings = 0;
			knownRegions = (
				en,
				Base,
			);
			mainGroup = 2BEB592F2A87750B0089E607;
			packageReferences = (
				2BEB59552A8777640089E607 /* XCRemoteSwiftPackageReference "Alamofire" */,
				2BEB59582A8777700089E607 /* XCRemoteSwiftPackageReference "SwiftyJSON" */,
				2BAC1A372A87A0B200A4C117 /* XCRemoteSwiftPackageReference "Kingfisher" */,
				2B32D5742A9CB9B400874689 /* XCRemoteSwiftPackageReference "SnapKit" */,
			);
			productRefGroup = 2BEB59392A87750B0089E607 /* Products */;
			projectDirPath = "";
			projectRoot = "";
			targets = (
				2BEB59372A87750B0089E607 /* Media */,
			);
		};
/* End PBXProject section */

/* Begin PBXResourcesBuildPhase section */
		2BEB59362A87750B0089E607 /* Resources */ = {
			isa = PBXResourcesBuildPhase;
			buildActionMask = 2147483647;
			files = (
				2B32D4E32A93748A00874689 /* VideoCollectionViewCell.xib in Resources */,
				2B32D4DB2A93745E00874689 /* SimilarCollectionViewCell.xib in Resources */,
				2BEB59502A8775230089E607 /* .gitignore in Resources */,
				2BEB59482A87750B0089E607 /* LaunchScreen.storyboard in Resources */,
				2BEB59452A87750B0089E607 /* Assets.xcassets in Resources */,
			);
			runOnlyForDeploymentPostprocessing = 0;
		};
/* End PBXResourcesBuildPhase section */

/* Begin PBXSourcesBuildPhase section */
		2BEB59342A87750B0089E607 /* Sources */ = {
			isa = PBXSourcesBuildPhase;
			buildActionMask = 2147483647;
			files = (
				2B32D5732A9CB94500874689 /* TrendView.swift in Sources */,
				2B32D4E92A93795F00874689 /* SimilarAPIManager.swift in Sources */,
				2BEB595C2A877AD00089E607 /* TrendViewController.swift in Sources */,
				2B32D4E52A9377BA00874689 /* SimilarData.swift in Sources */,
				2B32D57C2A9CC04500874689 /* ContentLabel.swift in Sources */,
				2B32D56D2A9CA95000874689 /* BaseViewController.swift in Sources */,
				2BEB59542A8776590089E607 /* TrendAPIManager.swift in Sources */,
				2B32D4DA2A93745E00874689 /* SimilarCollectionViewCell.swift in Sources */,
				2BAC1A3F2A8A58E000A4C117 /* CreditTableViewCell.swift in Sources */,
				2BEB59402A87750B0089E607 /* ViewController.swift in Sources */,
				2BAC1A432A8A681100A4C117 /* CreditData.swift in Sources */,
				2B32D4802A8CDB8200874689 /* TrendData.swift in Sources */,
				2B32D5322A9BB34E00874689 /* OnboardingViewController.swift in Sources */,
				2BAC1A412A8A58FE00A4C117 /* CreditAPIManager.swift in Sources */,
				2B32D57A2A9CBE4D00874689 /* RateLabel.swift in Sources */,
				2B32D4AD2A8F5C2300874689 /* SegmentViewController.swift in Sources */,
				2B32D4E72A9378A400874689 /* VideoData.swift in Sources */,
				2BEB593C2A87750B0089E607 /* AppDelegate.swift in Sources */,
				2B32D56F2A9CA95900874689 /* BaseView.swift in Sources */,
				2B32D4EB2A937AA600874689 /* VideoAPIManager.swift in Sources */,
				2B32D49C2A8E2C7B00874689 /* SearchViewController.swift in Sources */,
				2BAC1A342A878B1000A4C117 /* ReusableViewProtocol.swift in Sources */,
				2BAC1A3D2A8A58D600A4C117 /* CreditViewController.swift in Sources */,
				2B32D5822A9CDBBD00874689 /* CreditImageView.swift in Sources */,
				2B32D5802A9CD41000874689 /* CreditView.swift in Sources */,
				2B32D4E22A93748A00874689 /* VideoCollectionViewCell.swift in Sources */,
				2BEB59522A8775E90089E607 /* APIKey.swift in Sources */,
				2B32D5842A9CDCD200874689 /* DividerView.swift in Sources */,
				2BEB593E2A87750B0089E607 /* SceneDelegate.swift in Sources */,
				2B32D5782A9CBA7F00874689 /* BaseTableViewCell.swift in Sources */,
				2BAC1A362A878B7000A4C117 /* TrendTableViewCell.swift in Sources */,
			);
			runOnlyForDeploymentPostprocessing = 0;
		};
/* End PBXSourcesBuildPhase section */

/* Begin PBXVariantGroup section */
		2BEB59462A87750B0089E607 /* LaunchScreen.storyboard */ = {
			isa = PBXVariantGroup;
			children = (
				2BEB59472A87750B0089E607 /* Base */,
			);
			name = LaunchScreen.storyboard;
			sourceTree = "<group>";
		};
/* End PBXVariantGroup section */

/* Begin XCBuildConfiguration section */
		2BEB594A2A87750B0089E607 /* Debug */ = {
			isa = XCBuildConfiguration;
			buildSettings = {
				ALWAYS_SEARCH_USER_PATHS = NO;
				CLANG_ANALYZER_NONNULL = YES;
				CLANG_ANALYZER_NUMBER_OBJECT_CONVERSION = YES_AGGRESSIVE;
				CLANG_CXX_LANGUAGE_STANDARD = "gnu++20";
				CLANG_ENABLE_MODULES = YES;
				CLANG_ENABLE_OBJC_ARC = YES;
				CLANG_ENABLE_OBJC_WEAK = YES;
				CLANG_WARN_BLOCK_CAPTURE_AUTORELEASING = YES;
				CLANG_WARN_BOOL_CONVERSION = YES;
				CLANG_WARN_COMMA = YES;
				CLANG_WARN_CONSTANT_CONVERSION = YES;
				CLANG_WARN_DEPRECATED_OBJC_IMPLEMENTATIONS = YES;
				CLANG_WARN_DIRECT_OBJC_ISA_USAGE = YES_ERROR;
				CLANG_WARN_DOCUMENTATION_COMMENTS = YES;
				CLANG_WARN_EMPTY_BODY = YES;
				CLANG_WARN_ENUM_CONVERSION = YES;
				CLANG_WARN_INFINITE_RECURSION = YES;
				CLANG_WARN_INT_CONVERSION = YES;
				CLANG_WARN_NON_LITERAL_NULL_CONVERSION = YES;
				CLANG_WARN_OBJC_IMPLICIT_RETAIN_SELF = YES;
				CLANG_WARN_OBJC_LITERAL_CONVERSION = YES;
				CLANG_WARN_OBJC_ROOT_CLASS = YES_ERROR;
				CLANG_WARN_QUOTED_INCLUDE_IN_FRAMEWORK_HEADER = YES;
				CLANG_WARN_RANGE_LOOP_ANALYSIS = YES;
				CLANG_WARN_STRICT_PROTOTYPES = YES;
				CLANG_WARN_SUSPICIOUS_MOVE = YES;
				CLANG_WARN_UNGUARDED_AVAILABILITY = YES_AGGRESSIVE;
				CLANG_WARN_UNREACHABLE_CODE = YES;
				CLANG_WARN__DUPLICATE_METHOD_MATCH = YES;
				COPY_PHASE_STRIP = NO;
				DEBUG_INFORMATION_FORMAT = dwarf;
				ENABLE_STRICT_OBJC_MSGSEND = YES;
				ENABLE_TESTABILITY = YES;
				GCC_C_LANGUAGE_STANDARD = gnu11;
				GCC_DYNAMIC_NO_PIC = NO;
				GCC_NO_COMMON_BLOCKS = YES;
				GCC_OPTIMIZATION_LEVEL = 0;
				GCC_PREPROCESSOR_DEFINITIONS = (
					"DEBUG=1",
					"$(inherited)",
				);
				GCC_WARN_64_TO_32_BIT_CONVERSION = YES;
				GCC_WARN_ABOUT_RETURN_TYPE = YES_ERROR;
				GCC_WARN_UNDECLARED_SELECTOR = YES;
				GCC_WARN_UNINITIALIZED_AUTOS = YES_AGGRESSIVE;
				GCC_WARN_UNUSED_FUNCTION = YES;
				GCC_WARN_UNUSED_VARIABLE = YES;
				IPHONEOS_DEPLOYMENT_TARGET = 16.4;
				MTL_ENABLE_DEBUG_INFO = INCLUDE_SOURCE;
				MTL_FAST_MATH = YES;
				ONLY_ACTIVE_ARCH = YES;
				SDKROOT = iphoneos;
				SWIFT_ACTIVE_COMPILATION_CONDITIONS = DEBUG;
				SWIFT_OPTIMIZATION_LEVEL = "-Onone";
			};
			name = Debug;
		};
		2BEB594B2A87750B0089E607 /* Release */ = {
			isa = XCBuildConfiguration;
			buildSettings = {
				ALWAYS_SEARCH_USER_PATHS = NO;
				CLANG_ANALYZER_NONNULL = YES;
				CLANG_ANALYZER_NUMBER_OBJECT_CONVERSION = YES_AGGRESSIVE;
				CLANG_CXX_LANGUAGE_STANDARD = "gnu++20";
				CLANG_ENABLE_MODULES = YES;
				CLANG_ENABLE_OBJC_ARC = YES;
				CLANG_ENABLE_OBJC_WEAK = YES;
				CLANG_WARN_BLOCK_CAPTURE_AUTORELEASING = YES;
				CLANG_WARN_BOOL_CONVERSION = YES;
				CLANG_WARN_COMMA = YES;
				CLANG_WARN_CONSTANT_CONVERSION = YES;
				CLANG_WARN_DEPRECATED_OBJC_IMPLEMENTATIONS = YES;
				CLANG_WARN_DIRECT_OBJC_ISA_USAGE = YES_ERROR;
				CLANG_WARN_DOCUMENTATION_COMMENTS = YES;
				CLANG_WARN_EMPTY_BODY = YES;
				CLANG_WARN_ENUM_CONVERSION = YES;
				CLANG_WARN_INFINITE_RECURSION = YES;
				CLANG_WARN_INT_CONVERSION = YES;
				CLANG_WARN_NON_LITERAL_NULL_CONVERSION = YES;
				CLANG_WARN_OBJC_IMPLICIT_RETAIN_SELF = YES;
				CLANG_WARN_OBJC_LITERAL_CONVERSION = YES;
				CLANG_WARN_OBJC_ROOT_CLASS = YES_ERROR;
				CLANG_WARN_QUOTED_INCLUDE_IN_FRAMEWORK_HEADER = YES;
				CLANG_WARN_RANGE_LOOP_ANALYSIS = YES;
				CLANG_WARN_STRICT_PROTOTYPES = YES;
				CLANG_WARN_SUSPICIOUS_MOVE = YES;
				CLANG_WARN_UNGUARDED_AVAILABILITY = YES_AGGRESSIVE;
				CLANG_WARN_UNREACHABLE_CODE = YES;
				CLANG_WARN__DUPLICATE_METHOD_MATCH = YES;
				COPY_PHASE_STRIP = NO;
				DEBUG_INFORMATION_FORMAT = "dwarf-with-dsym";
				ENABLE_NS_ASSERTIONS = NO;
				ENABLE_STRICT_OBJC_MSGSEND = YES;
				GCC_C_LANGUAGE_STANDARD = gnu11;
				GCC_NO_COMMON_BLOCKS = YES;
				GCC_WARN_64_TO_32_BIT_CONVERSION = YES;
				GCC_WARN_ABOUT_RETURN_TYPE = YES_ERROR;
				GCC_WARN_UNDECLARED_SELECTOR = YES;
				GCC_WARN_UNINITIALIZED_AUTOS = YES_AGGRESSIVE;
				GCC_WARN_UNUSED_FUNCTION = YES;
				GCC_WARN_UNUSED_VARIABLE = YES;
				IPHONEOS_DEPLOYMENT_TARGET = 16.4;
				MTL_ENABLE_DEBUG_INFO = NO;
				MTL_FAST_MATH = YES;
				SDKROOT = iphoneos;
				SWIFT_COMPILATION_MODE = wholemodule;
				SWIFT_OPTIMIZATION_LEVEL = "-O";
				VALIDATE_PRODUCT = YES;
			};
			name = Release;
		};
		2BEB594D2A87750B0089E607 /* Debug */ = {
			isa = XCBuildConfiguration;
			buildSettings = {
				ASSETCATALOG_COMPILER_APPICON_NAME = AppIcon;
				ASSETCATALOG_COMPILER_GLOBAL_ACCENT_COLOR_NAME = AccentColor;
				CODE_SIGN_STYLE = Automatic;
				CURRENT_PROJECT_VERSION = 1;
				GENERATE_INFOPLIST_FILE = YES;
				INFOPLIST_FILE = Media/Info.plist;
				INFOPLIST_KEY_UIApplicationSupportsIndirectInputEvents = YES;
				INFOPLIST_KEY_UILaunchStoryboardName = LaunchScreen;
				INFOPLIST_KEY_UISupportedInterfaceOrientations_iPad = "UIInterfaceOrientationPortrait UIInterfaceOrientationPortraitUpsideDown UIInterfaceOrientationLandscapeLeft UIInterfaceOrientationLandscapeRight";
				INFOPLIST_KEY_UISupportedInterfaceOrientations_iPhone = "UIInterfaceOrientationPortrait UIInterfaceOrientationLandscapeLeft UIInterfaceOrientationLandscapeRight";
				LD_RUNPATH_SEARCH_PATHS = (
					"$(inherited)",
					"@executable_path/Frameworks",
				);
				MARKETING_VERSION = 1.0;
				PRODUCT_BUNDLE_IDENTIFIER = com.yerihwang.Media;
				PRODUCT_NAME = "$(TARGET_NAME)";
				SWIFT_EMIT_LOC_STRINGS = YES;
				SWIFT_VERSION = 5.0;
				TARGETED_DEVICE_FAMILY = "1,2";
			};
			name = Debug;
		};
		2BEB594E2A87750B0089E607 /* Release */ = {
			isa = XCBuildConfiguration;
			buildSettings = {
				ASSETCATALOG_COMPILER_APPICON_NAME = AppIcon;
				ASSETCATALOG_COMPILER_GLOBAL_ACCENT_COLOR_NAME = AccentColor;
				CODE_SIGN_STYLE = Automatic;
				CURRENT_PROJECT_VERSION = 1;
				GENERATE_INFOPLIST_FILE = YES;
				INFOPLIST_FILE = Media/Info.plist;
				INFOPLIST_KEY_UIApplicationSupportsIndirectInputEvents = YES;
				INFOPLIST_KEY_UILaunchStoryboardName = LaunchScreen;
				INFOPLIST_KEY_UISupportedInterfaceOrientations_iPad = "UIInterfaceOrientationPortrait UIInterfaceOrientationPortraitUpsideDown UIInterfaceOrientationLandscapeLeft UIInterfaceOrientationLandscapeRight";
				INFOPLIST_KEY_UISupportedInterfaceOrientations_iPhone = "UIInterfaceOrientationPortrait UIInterfaceOrientationLandscapeLeft UIInterfaceOrientationLandscapeRight";
				LD_RUNPATH_SEARCH_PATHS = (
					"$(inherited)",
					"@executable_path/Frameworks",
				);
				MARKETING_VERSION = 1.0;
				PRODUCT_BUNDLE_IDENTIFIER = com.yerihwang.Media;
				PRODUCT_NAME = "$(TARGET_NAME)";
				SWIFT_EMIT_LOC_STRINGS = YES;
				SWIFT_VERSION = 5.0;
				TARGETED_DEVICE_FAMILY = "1,2";
			};
			name = Release;
		};
/* End XCBuildConfiguration section */

/* Begin XCConfigurationList section */
		2BEB59332A87750B0089E607 /* Build configuration list for PBXProject "Media" */ = {
			isa = XCConfigurationList;
			buildConfigurations = (
				2BEB594A2A87750B0089E607 /* Debug */,
				2BEB594B2A87750B0089E607 /* Release */,
			);
			defaultConfigurationIsVisible = 0;
			defaultConfigurationName = Release;
		};
		2BEB594C2A87750B0089E607 /* Build configuration list for PBXNativeTarget "Media" */ = {
			isa = XCConfigurationList;
			buildConfigurations = (
				2BEB594D2A87750B0089E607 /* Debug */,
				2BEB594E2A87750B0089E607 /* Release */,
			);
			defaultConfigurationIsVisible = 0;
			defaultConfigurationName = Release;
		};
/* End XCConfigurationList section */

/* Begin XCRemoteSwiftPackageReference section */
		2B32D5742A9CB9B400874689 /* XCRemoteSwiftPackageReference "SnapKit" */ = {
			isa = XCRemoteSwiftPackageReference;
			repositoryURL = "https://github.com/SnapKit/SnapKit";
			requirement = {
				kind = upToNextMajorVersion;
				minimumVersion = 5.0.0;
			};
		};
		2BAC1A372A87A0B200A4C117 /* XCRemoteSwiftPackageReference "Kingfisher" */ = {
			isa = XCRemoteSwiftPackageReference;
			repositoryURL = "https://github.com/onevcat/Kingfisher";
			requirement = {
				kind = upToNextMajorVersion;
				minimumVersion = 7.0.0;
			};
		};
		2BEB59552A8777640089E607 /* XCRemoteSwiftPackageReference "Alamofire" */ = {
			isa = XCRemoteSwiftPackageReference;
			repositoryURL = "https://github.com/Alamofire/Alamofire";
			requirement = {
				kind = upToNextMajorVersion;
				minimumVersion = 5.0.0;
			};
		};
		2BEB59582A8777700089E607 /* XCRemoteSwiftPackageReference "SwiftyJSON" */ = {
			isa = XCRemoteSwiftPackageReference;
			repositoryURL = "https://github.com/SwiftyJSON/SwiftyJSON";
			requirement = {
				kind = upToNextMajorVersion;
				minimumVersion = 5.0.0;
			};
		};
/* End XCRemoteSwiftPackageReference section */

/* Begin XCSwiftPackageProductDependency section */
		2B32D5752A9CB9B400874689 /* SnapKit */ = {
			isa = XCSwiftPackageProductDependency;
			package = 2B32D5742A9CB9B400874689 /* XCRemoteSwiftPackageReference "SnapKit" */;
			productName = SnapKit;
		};
		2BAC1A382A87A0B200A4C117 /* Kingfisher */ = {
			isa = XCSwiftPackageProductDependency;
			package = 2BAC1A372A87A0B200A4C117 /* XCRemoteSwiftPackageReference "Kingfisher" */;
			productName = Kingfisher;
		};
		2BEB59562A8777640089E607 /* Alamofire */ = {
			isa = XCSwiftPackageProductDependency;
			package = 2BEB59552A8777640089E607 /* XCRemoteSwiftPackageReference "Alamofire" */;
			productName = Alamofire;
		};
		2BEB59592A8777710089E607 /* SwiftyJSON */ = {
			isa = XCSwiftPackageProductDependency;
			package = 2BEB59582A8777700089E607 /* XCRemoteSwiftPackageReference "SwiftyJSON" */;
			productName = SwiftyJSON;
		};
/* End XCSwiftPackageProductDependency section */
	};
	rootObject = 2BEB59302A87750B0089E607 /* Project object */;
}
