// !$*UTF8*$!
{
	archiveVersion = 1;
	classes = {
	};
	objectVersion = 56;
	objects = {

/* Begin PBXBuildFile section */
		2B279C8F2AAE998200645766 /* AppDelegate.swift in Sources */ = {isa = PBXBuildFile; fileRef = 2B279C8E2AAE998200645766 /* AppDelegate.swift */; };
		2B279C912AAE998200645766 /* SceneDelegate.swift in Sources */ = {isa = PBXBuildFile; fileRef = 2B279C902AAE998200645766 /* SceneDelegate.swift */; };
		2B279C932AAE998200645766 /* ViewController.swift in Sources */ = {isa = PBXBuildFile; fileRef = 2B279C922AAE998200645766 /* ViewController.swift */; };
		2B279C962AAE998200645766 /* Main.storyboard in Resources */ = {isa = PBXBuildFile; fileRef = 2B279C942AAE998200645766 /* Main.storyboard */; };
		2B279C982AAE998200645766 /* Assets.xcassets in Resources */ = {isa = PBXBuildFile; fileRef = 2B279C972AAE998200645766 /* Assets.xcassets */; };
		2B279C9B2AAE998200645766 /* LaunchScreen.storyboard in Resources */ = {isa = PBXBuildFile; fileRef = 2B279C992AAE998200645766 /* LaunchScreen.storyboard */; };
		2B279CAA2AAEAE2400645766 /* Localizable.strings in Resources */ = {isa = PBXBuildFile; fileRef = 2B279CAC2AAEAE2400645766 /* Localizable.strings */; };
		2B279CB02AAEBBBC00645766 /* String+Extension.swift in Sources */ = {isa = PBXBuildFile; fileRef = 2B279CAF2AAEBBBC00645766 /* String+Extension.swift */; };
		2B279CB32AAEBDD000645766 /* InfoPlist.strings in Resources */ = {isa = PBXBuildFile; fileRef = 2B279CB52AAEBDD000645766 /* InfoPlist.strings */; };
		2B589E1D2AAFED5800941615 /* LoginViewController.swift in Sources */ = {isa = PBXBuildFile; fileRef = 2B589E1C2AAFED5800941615 /* LoginViewController.swift */; };
		2B589E1F2AAFF30B00941615 /* Observable.swift in Sources */ = {isa = PBXBuildFile; fileRef = 2B589E1E2AAFF30B00941615 /* Observable.swift */; };
		2B589E212AAFFDF900941615 /* SampleViewController.swift in Sources */ = {isa = PBXBuildFile; fileRef = 2B589E202AAFFDF900941615 /* SampleViewController.swift */; };
		2B589E232AB0017300941615 /* SampleViewModel.swift in Sources */ = {isa = PBXBuildFile; fileRef = 2B589E222AB0017300941615 /* SampleViewModel.swift */; };
		2B589E252AB00E4500941615 /* LoginViewModel.swift in Sources */ = {isa = PBXBuildFile; fileRef = 2B589E242AB00E4500941615 /* LoginViewModel.swift */; };
		2B589E282AB02A4E00941615 /* Photo.swift in Sources */ = {isa = PBXBuildFile; fileRef = 2B589E272AB02A4E00941615 /* Photo.swift */; };
		2B589E2A2AB02A5B00941615 /* APIService.swift in Sources */ = {isa = PBXBuildFile; fileRef = 2B589E292AB02A5B00941615 /* APIService.swift */; };
		2B589E2C2AB02A9200941615 /* .gitignore in Resources */ = {isa = PBXBuildFile; fileRef = 2B589E2B2AB02A9200941615 /* .gitignore */; };
		2B589E2E2AB02AAE00941615 /* APIKey.swift in Sources */ = {isa = PBXBuildFile; fileRef = 2B589E2D2AB02AAE00941615 /* APIKey.swift */; };
		2B589E302AB02B5C00941615 /* PhotoViewController.swift in Sources */ = {isa = PBXBuildFile; fileRef = 2B589E2F2AB02B5C00941615 /* PhotoViewController.swift */; };
		2B589E322AB02DAB00941615 /* PhotoViewModel.swift in Sources */ = {isa = PBXBuildFile; fileRef = 2B589E312AB02DAB00941615 /* PhotoViewModel.swift */; };
/* End PBXBuildFile section */

/* Begin PBXFileReference section */
		2B279C8B2AAE998200645766 /* UnsplashProject.app */ = {isa = PBXFileReference; explicitFileType = wrapper.application; includeInIndex = 0; path = UnsplashProject.app; sourceTree = BUILT_PRODUCTS_DIR; };
		2B279C8E2AAE998200645766 /* AppDelegate.swift */ = {isa = PBXFileReference; lastKnownFileType = sourcecode.swift; path = AppDelegate.swift; sourceTree = "<group>"; };
		2B279C902AAE998200645766 /* SceneDelegate.swift */ = {isa = PBXFileReference; lastKnownFileType = sourcecode.swift; path = SceneDelegate.swift; sourceTree = "<group>"; };
		2B279C922AAE998200645766 /* ViewController.swift */ = {isa = PBXFileReference; lastKnownFileType = sourcecode.swift; path = ViewController.swift; sourceTree = "<group>"; };
		2B279C952AAE998200645766 /* Base */ = {isa = PBXFileReference; lastKnownFileType = file.storyboard; name = Base; path = Base.lproj/Main.storyboard; sourceTree = "<group>"; };
		2B279C972AAE998200645766 /* Assets.xcassets */ = {isa = PBXFileReference; lastKnownFileType = folder.assetcatalog; path = Assets.xcassets; sourceTree = "<group>"; };
		2B279C9A2AAE998200645766 /* Base */ = {isa = PBXFileReference; lastKnownFileType = file.storyboard; name = Base; path = Base.lproj/LaunchScreen.storyboard; sourceTree = "<group>"; };
		2B279C9C2AAE998200645766 /* Info.plist */ = {isa = PBXFileReference; lastKnownFileType = text.plist.xml; path = Info.plist; sourceTree = "<group>"; };
		2B279CA22AAE9CB000645766 /* ko */ = {isa = PBXFileReference; lastKnownFileType = text.plist.strings; name = ko; path = ko.lproj/Main.strings; sourceTree = "<group>"; };
		2B279CA32AAE9CB000645766 /* ko */ = {isa = PBXFileReference; lastKnownFileType = text.plist.strings; name = ko; path = ko.lproj/LaunchScreen.strings; sourceTree = "<group>"; };
		2B279CA42AAE9CDB00645766 /* ja */ = {isa = PBXFileReference; lastKnownFileType = text.plist.strings; name = ja; path = ja.lproj/Main.strings; sourceTree = "<group>"; };
		2B279CA52AAE9CDB00645766 /* ja */ = {isa = PBXFileReference; lastKnownFileType = text.plist.strings; name = ja; path = ja.lproj/LaunchScreen.strings; sourceTree = "<group>"; };
		2B279CA72AAE9DB200645766 /* en */ = {isa = PBXFileReference; lastKnownFileType = text.plist.strings; name = en; path = en.lproj/Main.strings; sourceTree = "<group>"; };
		2B279CAB2AAEAE2400645766 /* en */ = {isa = PBXFileReference; lastKnownFileType = text.plist.strings; name = en; path = en.lproj/Localizable.strings; sourceTree = "<group>"; };
		2B279CAD2AAEAE2900645766 /* ja */ = {isa = PBXFileReference; lastKnownFileType = text.plist.strings; name = ja; path = ja.lproj/Localizable.strings; sourceTree = "<group>"; };
		2B279CAE2AAEAE2900645766 /* ko */ = {isa = PBXFileReference; lastKnownFileType = text.plist.strings; name = ko; path = ko.lproj/Localizable.strings; sourceTree = "<group>"; };
		2B279CAF2AAEBBBC00645766 /* String+Extension.swift */ = {isa = PBXFileReference; lastKnownFileType = sourcecode.swift; path = "String+Extension.swift"; sourceTree = "<group>"; };
		2B279CB42AAEBDD000645766 /* en */ = {isa = PBXFileReference; lastKnownFileType = text.plist.strings; name = en; path = en.lproj/InfoPlist.strings; sourceTree = "<group>"; };
		2B279CB62AAEBDD100645766 /* ja */ = {isa = PBXFileReference; lastKnownFileType = text.plist.strings; name = ja; path = ja.lproj/InfoPlist.strings; sourceTree = "<group>"; };
		2B279CB72AAEBDD200645766 /* ko */ = {isa = PBXFileReference; lastKnownFileType = text.plist.strings; name = ko; path = ko.lproj/InfoPlist.strings; sourceTree = "<group>"; };
		2B589E1C2AAFED5800941615 /* LoginViewController.swift */ = {isa = PBXFileReference; lastKnownFileType = sourcecode.swift; path = LoginViewController.swift; sourceTree = "<group>"; };
		2B589E1E2AAFF30B00941615 /* Observable.swift */ = {isa = PBXFileReference; lastKnownFileType = sourcecode.swift; path = Observable.swift; sourceTree = "<group>"; };
		2B589E202AAFFDF900941615 /* SampleViewController.swift */ = {isa = PBXFileReference; lastKnownFileType = sourcecode.swift; path = SampleViewController.swift; sourceTree = "<group>"; };
		2B589E222AB0017300941615 /* SampleViewModel.swift */ = {isa = PBXFileReference; lastKnownFileType = sourcecode.swift; path = SampleViewModel.swift; sourceTree = "<group>"; };
		2B589E242AB00E4500941615 /* LoginViewModel.swift */ = {isa = PBXFileReference; lastKnownFileType = sourcecode.swift; path = LoginViewModel.swift; sourceTree = "<group>"; };
		2B589E272AB02A4E00941615 /* Photo.swift */ = {isa = PBXFileReference; lastKnownFileType = sourcecode.swift; path = Photo.swift; sourceTree = "<group>"; };
		2B589E292AB02A5B00941615 /* APIService.swift */ = {isa = PBXFileReference; lastKnownFileType = sourcecode.swift; path = APIService.swift; sourceTree = "<group>"; };
		2B589E2B2AB02A9200941615 /* .gitignore */ = {isa = PBXFileReference; lastKnownFileType = text; path = .gitignore; sourceTree = "<group>"; };
		2B589E2D2AB02AAE00941615 /* APIKey.swift */ = {isa = PBXFileReference; lastKnownFileType = sourcecode.swift; path = APIKey.swift; sourceTree = "<group>"; };
		2B589E2F2AB02B5C00941615 /* PhotoViewController.swift */ = {isa = PBXFileReference; lastKnownFileType = sourcecode.swift; path = PhotoViewController.swift; sourceTree = "<group>"; };
		2B589E312AB02DAB00941615 /* PhotoViewModel.swift */ = {isa = PBXFileReference; lastKnownFileType = sourcecode.swift; path = PhotoViewModel.swift; sourceTree = "<group>"; };
/* End PBXFileReference section */

/* Begin PBXFrameworksBuildPhase section */
		2B279C882AAE998200645766 /* Frameworks */ = {
			isa = PBXFrameworksBuildPhase;
			buildActionMask = 2147483647;
			files = (
			);
			runOnlyForDeploymentPostprocessing = 0;
		};
/* End PBXFrameworksBuildPhase section */

/* Begin PBXGroup section */
		2B279C822AAE998200645766 = {
			isa = PBXGroup;
			children = (
				2B279C8D2AAE998200645766 /* UnsplashProject */,
				2B279C8C2AAE998200645766 /* Products */,
			);
			sourceTree = "<group>";
		};
		2B279C8C2AAE998200645766 /* Products */ = {
			isa = PBXGroup;
			children = (
				2B279C8B2AAE998200645766 /* UnsplashProject.app */,
			);
			name = Products;
			sourceTree = "<group>";
		};
		2B279C8D2AAE998200645766 /* UnsplashProject */ = {
			isa = PBXGroup;
			children = (
				2B589E262AB02A4200941615 /* Photo */,
				2B589E1B2AAFED4100941615 /* Login */,
				2B279C8E2AAE998200645766 /* AppDelegate.swift */,
				2B279C902AAE998200645766 /* SceneDelegate.swift */,
				2B279C922AAE998200645766 /* ViewController.swift */,
				2B279C942AAE998200645766 /* Main.storyboard */,
				2B279C972AAE998200645766 /* Assets.xcassets */,
				2B279C992AAE998200645766 /* LaunchScreen.storyboard */,
				2B279C9C2AAE998200645766 /* Info.plist */,
				2B589E2B2AB02A9200941615 /* .gitignore */,
				2B279CAC2AAEAE2400645766 /* Localizable.strings */,
				2B279CAF2AAEBBBC00645766 /* String+Extension.swift */,
				2B279CB52AAEBDD000645766 /* InfoPlist.strings */,
			);
			path = UnsplashProject;
			sourceTree = "<group>";
		};
		2B589E1B2AAFED4100941615 /* Login */ = {
			isa = PBXGroup;
			children = (
				2B589E1C2AAFED5800941615 /* LoginViewController.swift */,
				2B589E242AB00E4500941615 /* LoginViewModel.swift */,
				2B589E1E2AAFF30B00941615 /* Observable.swift */,
				2B589E202AAFFDF900941615 /* SampleViewController.swift */,
				2B589E222AB0017300941615 /* SampleViewModel.swift */,
			);
			path = Login;
			sourceTree = "<group>";
		};
		2B589E262AB02A4200941615 /* Photo */ = {
			isa = PBXGroup;
			children = (
				2B589E272AB02A4E00941615 /* Photo.swift */,
				2B589E292AB02A5B00941615 /* APIService.swift */,
				2B589E2D2AB02AAE00941615 /* APIKey.swift */,
				2B589E2F2AB02B5C00941615 /* PhotoViewController.swift */,
				2B589E312AB02DAB00941615 /* PhotoViewModel.swift */,
			);
			path = Photo;
			sourceTree = "<group>";
		};
/* End PBXGroup section */

/* Begin PBXNativeTarget section */
		2B279C8A2AAE998200645766 /* UnsplashProject */ = {
			isa = PBXNativeTarget;
			buildConfigurationList = 2B279C9F2AAE998200645766 /* Build configuration list for PBXNativeTarget "UnsplashProject" */;
			buildPhases = (
				2B279C872AAE998200645766 /* Sources */,
				2B279C882AAE998200645766 /* Frameworks */,
				2B279C892AAE998200645766 /* Resources */,
			);
			buildRules = (
			);
			dependencies = (
			);
			name = UnsplashProject;
			productName = UnsplashProject;
			productReference = 2B279C8B2AAE998200645766 /* UnsplashProject.app */;
			productType = "com.apple.product-type.application";
		};
/* End PBXNativeTarget section */

/* Begin PBXProject section */
		2B279C832AAE998200645766 /* Project object */ = {
			isa = PBXProject;
			attributes = {
				BuildIndependentTargetsInParallel = 1;
				LastSwiftUpdateCheck = 1430;
				LastUpgradeCheck = 1430;
				TargetAttributes = {
					2B279C8A2AAE998200645766 = {
						CreatedOnToolsVersion = 14.3.1;
					};
				};
			};
			buildConfigurationList = 2B279C862AAE998200645766 /* Build configuration list for PBXProject "UnsplashProject" */;
			compatibilityVersion = "Xcode 14.0";
			developmentRegion = en;
			hasScannedForEncodings = 0;
			knownRegions = (
				en,
				Base,
				ko,
				ja,
			);
			mainGroup = 2B279C822AAE998200645766;
			productRefGroup = 2B279C8C2AAE998200645766 /* Products */;
			projectDirPath = "";
			projectRoot = "";
			targets = (
				2B279C8A2AAE998200645766 /* UnsplashProject */,
			);
		};
/* End PBXProject section */

/* Begin PBXResourcesBuildPhase section */
		2B279C892AAE998200645766 /* Resources */ = {
			isa = PBXResourcesBuildPhase;
			buildActionMask = 2147483647;
			files = (
				2B279C9B2AAE998200645766 /* LaunchScreen.storyboard in Resources */,
				2B279CAA2AAEAE2400645766 /* Localizable.strings in Resources */,
				2B279C982AAE998200645766 /* Assets.xcassets in Resources */,
				2B279C962AAE998200645766 /* Main.storyboard in Resources */,
				2B589E2C2AB02A9200941615 /* .gitignore in Resources */,
				2B279CB32AAEBDD000645766 /* InfoPlist.strings in Resources */,
			);
			runOnlyForDeploymentPostprocessing = 0;
		};
/* End PBXResourcesBuildPhase section */

/* Begin PBXSourcesBuildPhase section */
		2B279C872AAE998200645766 /* Sources */ = {
			isa = PBXSourcesBuildPhase;
			buildActionMask = 2147483647;
			files = (
				2B279CB02AAEBBBC00645766 /* String+Extension.swift in Sources */,
				2B279C932AAE998200645766 /* ViewController.swift in Sources */,
				2B279C8F2AAE998200645766 /* AppDelegate.swift in Sources */,
				2B589E1D2AAFED5800941615 /* LoginViewController.swift in Sources */,
				2B589E2A2AB02A5B00941615 /* APIService.swift in Sources */,
				2B589E282AB02A4E00941615 /* Photo.swift in Sources */,
				2B589E1F2AAFF30B00941615 /* Observable.swift in Sources */,
				2B279C912AAE998200645766 /* SceneDelegate.swift in Sources */,
				2B589E232AB0017300941615 /* SampleViewModel.swift in Sources */,
				2B589E322AB02DAB00941615 /* PhotoViewModel.swift in Sources */,
				2B589E212AAFFDF900941615 /* SampleViewController.swift in Sources */,
				2B589E2E2AB02AAE00941615 /* APIKey.swift in Sources */,
				2B589E252AB00E4500941615 /* LoginViewModel.swift in Sources */,
				2B589E302AB02B5C00941615 /* PhotoViewController.swift in Sources */,
			);
			runOnlyForDeploymentPostprocessing = 0;
		};
/* End PBXSourcesBuildPhase section */

/* Begin PBXVariantGroup section */
		2B279C942AAE998200645766 /* Main.storyboard */ = {
			isa = PBXVariantGroup;
			children = (
				2B279C952AAE998200645766 /* Base */,
				2B279CA22AAE9CB000645766 /* ko */,
				2B279CA42AAE9CDB00645766 /* ja */,
				2B279CA72AAE9DB200645766 /* en */,
			);
			name = Main.storyboard;
			sourceTree = "<group>";
		};
		2B279C992AAE998200645766 /* LaunchScreen.storyboard */ = {
			isa = PBXVariantGroup;
			children = (
				2B279C9A2AAE998200645766 /* Base */,
				2B279CA32AAE9CB000645766 /* ko */,
				2B279CA52AAE9CDB00645766 /* ja */,
			);
			name = LaunchScreen.storyboard;
			sourceTree = "<group>";
		};
		2B279CAC2AAEAE2400645766 /* Localizable.strings */ = {
			isa = PBXVariantGroup;
			children = (
				2B279CAB2AAEAE2400645766 /* en */,
				2B279CAD2AAEAE2900645766 /* ja */,
				2B279CAE2AAEAE2900645766 /* ko */,
			);
			name = Localizable.strings;
			sourceTree = "<group>";
		};
		2B279CB52AAEBDD000645766 /* InfoPlist.strings */ = {
			isa = PBXVariantGroup;
			children = (
				2B279CB42AAEBDD000645766 /* en */,
				2B279CB62AAEBDD100645766 /* ja */,
				2B279CB72AAEBDD200645766 /* ko */,
			);
			name = InfoPlist.strings;
			sourceTree = "<group>";
		};
/* End PBXVariantGroup section */

/* Begin XCBuildConfiguration section */
		2B279C9D2AAE998200645766 /* Debug */ = {
			isa = XCBuildConfiguration;
			buildSettings = {
				ALWAYS_SEARCH_USER_PATHS = NO;
				CLANG_ANALYZER_LOCALIZABILITY_NONLOCALIZED = YES;
				CLANG_ANALYZER_NONNULL = YES;
				CLANG_ANALYZER_NUMBER_OBJECT_CONVERSION = YES_AGGRESSIVE;
				CLANG_CXX_LANGUAGE_STANDARD = "gnu++20";
				CLANG_ENABLE_MODULES = YES;
				CLANG_ENABLE_OBJC_ARC = YES;
				CLANG_ENABLE_OBJC_WEAK = YES;
				CLANG_WARN_BLOCK_CAPTURE_AUTORELEASING = YES;
				CLANG_WARN_BOOL_CONVERSION = YES;
				CLANG_WARN_COMMA = YES;
				CLANG_WARN_CONSTANT_CONVERSION = YES;
				CLANG_WARN_DEPRECATED_OBJC_IMPLEMENTATIONS = YES;
				CLANG_WARN_DIRECT_OBJC_ISA_USAGE = YES_ERROR;
				CLANG_WARN_DOCUMENTATION_COMMENTS = YES;
				CLANG_WARN_EMPTY_BODY = YES;
				CLANG_WARN_ENUM_CONVERSION = YES;
				CLANG_WARN_INFINITE_RECURSION = YES;
				CLANG_WARN_INT_CONVERSION = YES;
				CLANG_WARN_NON_LITERAL_NULL_CONVERSION = YES;
				CLANG_WARN_OBJC_IMPLICIT_RETAIN_SELF = YES;
				CLANG_WARN_OBJC_LITERAL_CONVERSION = YES;
				CLANG_WARN_OBJC_ROOT_CLASS = YES_ERROR;
				CLANG_WARN_QUOTED_INCLUDE_IN_FRAMEWORK_HEADER = YES;
				CLANG_WARN_RANGE_LOOP_ANALYSIS = YES;
				CLANG_WARN_STRICT_PROTOTYPES = YES;
				CLANG_WARN_SUSPICIOUS_MOVE = YES;
				CLANG_WARN_UNGUARDED_AVAILABILITY = YES_AGGRESSIVE;
				CLANG_WARN_UNREACHABLE_CODE = YES;
				CLANG_WARN__DUPLICATE_METHOD_MATCH = YES;
				COPY_PHASE_STRIP = NO;
				DEBUG_INFORMATION_FORMAT = dwarf;
				ENABLE_STRICT_OBJC_MSGSEND = YES;
				ENABLE_TESTABILITY = YES;
				GCC_C_LANGUAGE_STANDARD = gnu11;
				GCC_DYNAMIC_NO_PIC = NO;
				GCC_NO_COMMON_BLOCKS = YES;
				GCC_OPTIMIZATION_LEVEL = 0;
				GCC_PREPROCESSOR_DEFINITIONS = (
					"DEBUG=1",
					"$(inherited)",
				);
				GCC_WARN_64_TO_32_BIT_CONVERSION = YES;
				GCC_WARN_ABOUT_RETURN_TYPE = YES_ERROR;
				GCC_WARN_UNDECLARED_SELECTOR = YES;
				GCC_WARN_UNINITIALIZED_AUTOS = YES_AGGRESSIVE;
				GCC_WARN_UNUSED_FUNCTION = YES;
				GCC_WARN_UNUSED_VARIABLE = YES;
				IPHONEOS_DEPLOYMENT_TARGET = 16.4;
				MTL_ENABLE_DEBUG_INFO = INCLUDE_SOURCE;
				MTL_FAST_MATH = YES;
				ONLY_ACTIVE_ARCH = YES;
				SDKROOT = iphoneos;
				SWIFT_ACTIVE_COMPILATION_CONDITIONS = DEBUG;
				SWIFT_OPTIMIZATION_LEVEL = "-Onone";
			};
			name = Debug;
		};
		2B279C9E2AAE998200645766 /* Release */ = {
			isa = XCBuildConfiguration;
			buildSettings = {
				ALWAYS_SEARCH_USER_PATHS = NO;
				CLANG_ANALYZER_LOCALIZABILITY_NONLOCALIZED = YES;
				CLANG_ANALYZER_NONNULL = YES;
				CLANG_ANALYZER_NUMBER_OBJECT_CONVERSION = YES_AGGRESSIVE;
				CLANG_CXX_LANGUAGE_STANDARD = "gnu++20";
				CLANG_ENABLE_MODULES = YES;
				CLANG_ENABLE_OBJC_ARC = YES;
				CLANG_ENABLE_OBJC_WEAK = YES;
				CLANG_WARN_BLOCK_CAPTURE_AUTORELEASING = YES;
				CLANG_WARN_BOOL_CONVERSION = YES;
				CLANG_WARN_COMMA = YES;
				CLANG_WARN_CONSTANT_CONVERSION = YES;
				CLANG_WARN_DEPRECATED_OBJC_IMPLEMENTATIONS = YES;
				CLANG_WARN_DIRECT_OBJC_ISA_USAGE = YES_ERROR;
				CLANG_WARN_DOCUMENTATION_COMMENTS = YES;
				CLANG_WARN_EMPTY_BODY = YES;
				CLANG_WARN_ENUM_CONVERSION = YES;
				CLANG_WARN_INFINITE_RECURSION = YES;
				CLANG_WARN_INT_CONVERSION = YES;
				CLANG_WARN_NON_LITERAL_NULL_CONVERSION = YES;
				CLANG_WARN_OBJC_IMPLICIT_RETAIN_SELF = YES;
				CLANG_WARN_OBJC_LITERAL_CONVERSION = YES;
				CLANG_WARN_OBJC_ROOT_CLASS = YES_ERROR;
				CLANG_WARN_QUOTED_INCLUDE_IN_FRAMEWORK_HEADER = YES;
				CLANG_WARN_RANGE_LOOP_ANALYSIS = YES;
				CLANG_WARN_STRICT_PROTOTYPES = YES;
				CLANG_WARN_SUSPICIOUS_MOVE = YES;
				CLANG_WARN_UNGUARDED_AVAILABILITY = YES_AGGRESSIVE;
				CLANG_WARN_UNREACHABLE_CODE = YES;
				CLANG_WARN__DUPLICATE_METHOD_MATCH = YES;
				COPY_PHASE_STRIP = NO;
				DEBUG_INFORMATION_FORMAT = "dwarf-with-dsym";
				ENABLE_NS_ASSERTIONS = NO;
				ENABLE_STRICT_OBJC_MSGSEND = YES;
				GCC_C_LANGUAGE_STANDARD = gnu11;
				GCC_NO_COMMON_BLOCKS = YES;
				GCC_WARN_64_TO_32_BIT_CONVERSION = YES;
				GCC_WARN_ABOUT_RETURN_TYPE = YES_ERROR;
				GCC_WARN_UNDECLARED_SELECTOR = YES;
				GCC_WARN_UNINITIALIZED_AUTOS = YES_AGGRESSIVE;
				GCC_WARN_UNUSED_FUNCTION = YES;
				GCC_WARN_UNUSED_VARIABLE = YES;
				IPHONEOS_DEPLOYMENT_TARGET = 16.4;
				MTL_ENABLE_DEBUG_INFO = NO;
				MTL_FAST_MATH = YES;
				SDKROOT = iphoneos;
				SWIFT_COMPILATION_MODE = wholemodule;
				SWIFT_OPTIMIZATION_LEVEL = "-O";
				VALIDATE_PRODUCT = YES;
			};
			name = Release;
		};
		2B279CA02AAE998200645766 /* Debug */ = {
			isa = XCBuildConfiguration;
			buildSettings = {
				ASSETCATALOG_COMPILER_APPICON_NAME = AppIcon;
				ASSETCATALOG_COMPILER_GLOBAL_ACCENT_COLOR_NAME = AccentColor;
				CODE_SIGN_STYLE = Automatic;
				CURRENT_PROJECT_VERSION = 1;
				GENERATE_INFOPLIST_FILE = YES;
				INFOPLIST_FILE = UnsplashProject/Info.plist;
				INFOPLIST_KEY_UIApplicationSupportsIndirectInputEvents = YES;
				INFOPLIST_KEY_UILaunchStoryboardName = LaunchScreen;
				INFOPLIST_KEY_UIMainStoryboardFile = Main;
				INFOPLIST_KEY_UISupportedInterfaceOrientations_iPad = "UIInterfaceOrientationPortrait UIInterfaceOrientationPortraitUpsideDown UIInterfaceOrientationLandscapeLeft UIInterfaceOrientationLandscapeRight";
				INFOPLIST_KEY_UISupportedInterfaceOrientations_iPhone = "UIInterfaceOrientationPortrait UIInterfaceOrientationLandscapeLeft UIInterfaceOrientationLandscapeRight";
				LD_RUNPATH_SEARCH_PATHS = (
					"$(inherited)",
					"@executable_path/Frameworks",
				);
				MARKETING_VERSION = 1.0;
				PRODUCT_BUNDLE_IDENTIFIER = com.yerihwang.UnsplashProject;
				PRODUCT_NAME = "$(TARGET_NAME)";
				SWIFT_EMIT_LOC_STRINGS = YES;
				SWIFT_VERSION = 5.0;
				TARGETED_DEVICE_FAMILY = "1,2";
			};
			name = Debug;
		};
		2B279CA12AAE998200645766 /* Release */ = {
			isa = XCBuildConfiguration;
			buildSettings = {
				ASSETCATALOG_COMPILER_APPICON_NAME = AppIcon;
				ASSETCATALOG_COMPILER_GLOBAL_ACCENT_COLOR_NAME = AccentColor;
				CODE_SIGN_STYLE = Automatic;
				CURRENT_PROJECT_VERSION = 1;
				GENERATE_INFOPLIST_FILE = YES;
				INFOPLIST_FILE = UnsplashProject/Info.plist;
				INFOPLIST_KEY_UIApplicationSupportsIndirectInputEvents = YES;
				INFOPLIST_KEY_UILaunchStoryboardName = LaunchScreen;
				INFOPLIST_KEY_UIMainStoryboardFile = Main;
				INFOPLIST_KEY_UISupportedInterfaceOrientations_iPad = "UIInterfaceOrientationPortrait UIInterfaceOrientationPortraitUpsideDown UIInterfaceOrientationLandscapeLeft UIInterfaceOrientationLandscapeRight";
				INFOPLIST_KEY_UISupportedInterfaceOrientations_iPhone = "UIInterfaceOrientationPortrait UIInterfaceOrientationLandscapeLeft UIInterfaceOrientationLandscapeRight";
				LD_RUNPATH_SEARCH_PATHS = (
					"$(inherited)",
					"@executable_path/Frameworks",
				);
				MARKETING_VERSION = 1.0;
				PRODUCT_BUNDLE_IDENTIFIER = com.yerihwang.UnsplashProject;
				PRODUCT_NAME = "$(TARGET_NAME)";
				SWIFT_EMIT_LOC_STRINGS = YES;
				SWIFT_VERSION = 5.0;
				TARGETED_DEVICE_FAMILY = "1,2";
			};
			name = Release;
		};
/* End XCBuildConfiguration section */

/* Begin XCConfigurationList section */
		2B279C862AAE998200645766 /* Build configuration list for PBXProject "UnsplashProject" */ = {
			isa = XCConfigurationList;
			buildConfigurations = (
				2B279C9D2AAE998200645766 /* Debug */,
				2B279C9E2AAE998200645766 /* Release */,
			);
			defaultConfigurationIsVisible = 0;
			defaultConfigurationName = Release;
		};
		2B279C9F2AAE998200645766 /* Build configuration list for PBXNativeTarget "UnsplashProject" */ = {
			isa = XCConfigurationList;
			buildConfigurations = (
				2B279CA02AAE998200645766 /* Debug */,
				2B279CA12AAE998200645766 /* Release */,
			);
			defaultConfigurationIsVisible = 0;
			defaultConfigurationName = Release;
		};
/* End XCConfigurationList section */
	};
	rootObject = 2B279C832AAE998200645766 /* Project object */;
}
