// !$*UTF8*$!
{
	archiveVersion = 1;
	classes = {
	};
	objectVersion = 56;
	objects = {

/* Begin PBXBuildFile section */
		2B1C58432A7A3031005A3AAF /* LookAroundViewController.swift in Sources */ = {isa = PBXBuildFile; fileRef = 2B1C58422A7A3031005A3AAF /* LookAroundViewController.swift */; };
		2B1C58462A7A39C6005A3AAF /* RecentCollectionViewCell.swift in Sources */ = {isa = PBXBuildFile; fileRef = 2B1C58442A7A39C6005A3AAF /* RecentCollectionViewCell.swift */; };
		2B1C58472A7A39C6005A3AAF /* RecentCollectionViewCell.xib in Resources */ = {isa = PBXBuildFile; fileRef = 2B1C58452A7A39C6005A3AAF /* RecentCollectionViewCell.xib */; };
		2B1C584A2A7A39F8005A3AAF /* BestTableViewCell.swift in Sources */ = {isa = PBXBuildFile; fileRef = 2B1C58482A7A39F8005A3AAF /* BestTableViewCell.swift */; };
		2B1C584B2A7A39F8005A3AAF /* BestTableViewCell.xib in Resources */ = {isa = PBXBuildFile; fileRef = 2B1C58492A7A39F8005A3AAF /* BestTableViewCell.xib */; };
		2B1C58532A7C1070005A3AAF /* MySearchCollectionViewCell.swift in Sources */ = {isa = PBXBuildFile; fileRef = 2B1C58512A7C1070005A3AAF /* MySearchCollectionViewCell.swift */; };
		2B1C58542A7C1070005A3AAF /* MySearchCollectionViewCell.xib in Resources */ = {isa = PBXBuildFile; fileRef = 2B1C58522A7C1070005A3AAF /* MySearchCollectionViewCell.xib */; };
		2B1F46DB2AA6113F00F722BA /* Book.swift in Sources */ = {isa = PBXBuildFile; fileRef = 2B1F46DA2AA6113F00F722BA /* Book.swift */; };
		2B1F46DD2AA6125A00F722BA /* APIService.swift in Sources */ = {isa = PBXBuildFile; fileRef = 2B1F46DC2AA6125A00F722BA /* APIService.swift */; };
		2B1F46E02AA612C500F722BA /* ResuableProtocol.swift in Sources */ = {isa = PBXBuildFile; fileRef = 2B1F46DF2AA612C500F722BA /* ResuableProtocol.swift */; };
		2B1F46E62AA639EF00F722BA /* RealmModel.swift in Sources */ = {isa = PBXBuildFile; fileRef = 2B1F46E52AA639EF00F722BA /* RealmModel.swift */; };
		2B1F46E92AA63A4300F722BA /* Realm in Frameworks */ = {isa = PBXBuildFile; productRef = 2B1F46E82AA63A4300F722BA /* Realm */; };
		2B1F46EB2AA63A4300F722BA /* RealmSwift in Frameworks */ = {isa = PBXBuildFile; productRef = 2B1F46EA2AA63A4300F722BA /* RealmSwift */; };
		2B8F36442A779F7900695827 /* AppDelegate.swift in Sources */ = {isa = PBXBuildFile; fileRef = 2B8F36432A779F7900695827 /* AppDelegate.swift */; };
		2B8F36462A779F7900695827 /* SceneDelegate.swift in Sources */ = {isa = PBXBuildFile; fileRef = 2B8F36452A779F7900695827 /* SceneDelegate.swift */; };
		2B8F36482A779F7900695827 /* MySearchViewController.swift in Sources */ = {isa = PBXBuildFile; fileRef = 2B8F36472A779F7900695827 /* MySearchViewController.swift */; };
		2B8F364B2A779F7900695827 /* Main.storyboard in Resources */ = {isa = PBXBuildFile; fileRef = 2B8F36492A779F7900695827 /* Main.storyboard */; };
		2B8F364D2A779F7A00695827 /* Assets.xcassets in Resources */ = {isa = PBXBuildFile; fileRef = 2B8F364C2A779F7A00695827 /* Assets.xcassets */; };
		2B8F36502A779F7A00695827 /* LaunchScreen.storyboard in Resources */ = {isa = PBXBuildFile; fileRef = 2B8F364E2A779F7A00695827 /* LaunchScreen.storyboard */; };
		2B8F36582A77A06700695827 /* LibraryCollectionViewController.swift in Sources */ = {isa = PBXBuildFile; fileRef = 2B8F36572A77A06700695827 /* LibraryCollectionViewController.swift */; };
		2B8F365B2A77A07E00695827 /* LibraryCollectionViewCell.swift in Sources */ = {isa = PBXBuildFile; fileRef = 2B8F36592A77A07E00695827 /* LibraryCollectionViewCell.swift */; };
		2B8F365C2A77A07E00695827 /* LibraryCollectionViewCell.xib in Resources */ = {isa = PBXBuildFile; fileRef = 2B8F365A2A77A07E00695827 /* LibraryCollectionViewCell.xib */; };
		2B8F365E2A77A09D00695827 /* DetailViewController.swift in Sources */ = {isa = PBXBuildFile; fileRef = 2B8F365D2A77A09D00695827 /* DetailViewController.swift */; };
		2B8F36602A77A3B300695827 /* MovieInfo.swift in Sources */ = {isa = PBXBuildFile; fileRef = 2B8F365F2A77A3B300695827 /* MovieInfo.swift */; };
		2B8F36622A77A3EF00695827 /* Movie.swift in Sources */ = {isa = PBXBuildFile; fileRef = 2B8F36612A77A3EF00695827 /* Movie.swift */; };
		2BFB4EA92A837D9A00F9F6A3 /* SearchViewController.swift in Sources */ = {isa = PBXBuildFile; fileRef = 2BFB4EA82A837D9A00F9F6A3 /* SearchViewController.swift */; };
		2BFB4EAB2A837F1D00F9F6A3 /* SearchTableViewCell.swift in Sources */ = {isa = PBXBuildFile; fileRef = 2BFB4EAA2A837F1D00F9F6A3 /* SearchTableViewCell.swift */; };
		2BFB4EAE2A83804300F9F6A3 /* Alamofire in Frameworks */ = {isa = PBXBuildFile; productRef = 2BFB4EAD2A83804300F9F6A3 /* Alamofire */; };
		2BFB4EB12A83804E00F9F6A3 /* SwiftyJSON in Frameworks */ = {isa = PBXBuildFile; productRef = 2BFB4EB02A83804E00F9F6A3 /* SwiftyJSON */; };
		2BFB4EB42A83805800F9F6A3 /* Kingfisher in Frameworks */ = {isa = PBXBuildFile; productRef = 2BFB4EB32A83805800F9F6A3 /* Kingfisher */; };
		2BFB4EB62A83892A00F9F6A3 /* .gitignore in Resources */ = {isa = PBXBuildFile; fileRef = 2BFB4EB52A83892A00F9F6A3 /* .gitignore */; };
		2BFB4EB82A83895900F9F6A3 /* APIKey.swift in Sources */ = {isa = PBXBuildFile; fileRef = 2BFB4EB72A83895900F9F6A3 /* APIKey.swift */; };
/* End PBXBuildFile section */

/* Begin PBXFileReference section */
		2B1C58422A7A3031005A3AAF /* LookAroundViewController.swift */ = {isa = PBXFileReference; lastKnownFileType = sourcecode.swift; path = LookAroundViewController.swift; sourceTree = "<group>"; };
		2B1C58442A7A39C6005A3AAF /* RecentCollectionViewCell.swift */ = {isa = PBXFileReference; lastKnownFileType = sourcecode.swift; path = RecentCollectionViewCell.swift; sourceTree = "<group>"; };
		2B1C58452A7A39C6005A3AAF /* RecentCollectionViewCell.xib */ = {isa = PBXFileReference; lastKnownFileType = file.xib; path = RecentCollectionViewCell.xib; sourceTree = "<group>"; };
		2B1C58482A7A39F8005A3AAF /* BestTableViewCell.swift */ = {isa = PBXFileReference; lastKnownFileType = sourcecode.swift; path = BestTableViewCell.swift; sourceTree = "<group>"; };
		2B1C58492A7A39F8005A3AAF /* BestTableViewCell.xib */ = {isa = PBXFileReference; lastKnownFileType = file.xib; path = BestTableViewCell.xib; sourceTree = "<group>"; };
		2B1C58512A7C1070005A3AAF /* MySearchCollectionViewCell.swift */ = {isa = PBXFileReference; lastKnownFileType = sourcecode.swift; path = MySearchCollectionViewCell.swift; sourceTree = "<group>"; };
		2B1C58522A7C1070005A3AAF /* MySearchCollectionViewCell.xib */ = {isa = PBXFileReference; lastKnownFileType = file.xib; path = MySearchCollectionViewCell.xib; sourceTree = "<group>"; };
		2B1F46DA2AA6113F00F722BA /* Book.swift */ = {isa = PBXFileReference; lastKnownFileType = sourcecode.swift; path = Book.swift; sourceTree = "<group>"; };
		2B1F46DC2AA6125A00F722BA /* APIService.swift */ = {isa = PBXFileReference; lastKnownFileType = sourcecode.swift; path = APIService.swift; sourceTree = "<group>"; };
		2B1F46DF2AA612C500F722BA /* ResuableProtocol.swift */ = {isa = PBXFileReference; lastKnownFileType = sourcecode.swift; path = ResuableProtocol.swift; sourceTree = "<group>"; };
		2B1F46E52AA639EF00F722BA /* RealmModel.swift */ = {isa = PBXFileReference; lastKnownFileType = sourcecode.swift; path = RealmModel.swift; sourceTree = "<group>"; };
		2B8F36402A779F7900695827 /* BOOKWARM.app */ = {isa = PBXFileReference; explicitFileType = wrapper.application; includeInIndex = 0; path = BOOKWARM.app; sourceTree = BUILT_PRODUCTS_DIR; };
		2B8F36432A779F7900695827 /* AppDelegate.swift */ = {isa = PBXFileReference; lastKnownFileType = sourcecode.swift; path = AppDelegate.swift; sourceTree = "<group>"; };
		2B8F36452A779F7900695827 /* SceneDelegate.swift */ = {isa = PBXFileReference; lastKnownFileType = sourcecode.swift; path = SceneDelegate.swift; sourceTree = "<group>"; };
		2B8F36472A779F7900695827 /* MySearchViewController.swift */ = {isa = PBXFileReference; lastKnownFileType = sourcecode.swift; path = MySearchViewController.swift; sourceTree = "<group>"; };
		2B8F364A2A779F7900695827 /* Base */ = {isa = PBXFileReference; lastKnownFileType = file.storyboard; name = Base; path = Base.lproj/Main.storyboard; sourceTree = "<group>"; };
		2B8F364C2A779F7A00695827 /* Assets.xcassets */ = {isa = PBXFileReference; lastKnownFileType = folder.assetcatalog; path = Assets.xcassets; sourceTree = "<group>"; };
		2B8F364F2A779F7A00695827 /* Base */ = {isa = PBXFileReference; lastKnownFileType = file.storyboard; name = Base; path = Base.lproj/LaunchScreen.storyboard; sourceTree = "<group>"; };
		2B8F36512A779F7A00695827 /* Info.plist */ = {isa = PBXFileReference; lastKnownFileType = text.plist.xml; path = Info.plist; sourceTree = "<group>"; };
		2B8F36572A77A06700695827 /* LibraryCollectionViewController.swift */ = {isa = PBXFileReference; lastKnownFileType = sourcecode.swift; path = LibraryCollectionViewController.swift; sourceTree = "<group>"; };
		2B8F36592A77A07E00695827 /* LibraryCollectionViewCell.swift */ = {isa = PBXFileReference; lastKnownFileType = sourcecode.swift; path = LibraryCollectionViewCell.swift; sourceTree = "<group>"; };
		2B8F365A2A77A07E00695827 /* LibraryCollectionViewCell.xib */ = {isa = PBXFileReference; lastKnownFileType = file.xib; path = LibraryCollectionViewCell.xib; sourceTree = "<group>"; };
		2B8F365D2A77A09D00695827 /* DetailViewController.swift */ = {isa = PBXFileReference; lastKnownFileType = sourcecode.swift; path = DetailViewController.swift; sourceTree = "<group>"; };
		2B8F365F2A77A3B300695827 /* MovieInfo.swift */ = {isa = PBXFileReference; fileEncoding = 4; lastKnownFileType = sourcecode.swift; path = MovieInfo.swift; sourceTree = "<group>"; };
		2B8F36612A77A3EF00695827 /* Movie.swift */ = {isa = PBXFileReference; lastKnownFileType = sourcecode.swift; path = Movie.swift; sourceTree = "<group>"; };
		2BFB4EA82A837D9A00F9F6A3 /* SearchViewController.swift */ = {isa = PBXFileReference; lastKnownFileType = sourcecode.swift; path = SearchViewController.swift; sourceTree = "<group>"; };
		2BFB4EAA2A837F1D00F9F6A3 /* SearchTableViewCell.swift */ = {isa = PBXFileReference; lastKnownFileType = sourcecode.swift; path = SearchTableViewCell.swift; sourceTree = "<group>"; };
		2BFB4EB52A83892A00F9F6A3 /* .gitignore */ = {isa = PBXFileReference; lastKnownFileType = text; path = .gitignore; sourceTree = "<group>"; };
		2BFB4EB72A83895900F9F6A3 /* APIKey.swift */ = {isa = PBXFileReference; lastKnownFileType = sourcecode.swift; path = APIKey.swift; sourceTree = "<group>"; };
/* End PBXFileReference section */

/* Begin PBXFrameworksBuildPhase section */
		2B8F363D2A779F7900695827 /* Frameworks */ = {
			isa = PBXFrameworksBuildPhase;
			buildActionMask = 2147483647;
			files = (
				2BFB4EB42A83805800F9F6A3 /* Kingfisher in Frameworks */,
				2BFB4EB12A83804E00F9F6A3 /* SwiftyJSON in Frameworks */,
				2B1F46E92AA63A4300F722BA /* Realm in Frameworks */,
				2B1F46EB2AA63A4300F722BA /* RealmSwift in Frameworks */,
				2BFB4EAE2A83804300F9F6A3 /* Alamofire in Frameworks */,
			);
			runOnlyForDeploymentPostprocessing = 0;
		};
/* End PBXFrameworksBuildPhase section */

/* Begin PBXGroup section */
		2B1F46D12AA60ABB00F722BA /* Search */ = {
			isa = PBXGroup;
			children = (
				2BFB4EA82A837D9A00F9F6A3 /* SearchViewController.swift */,
				2BFB4EAA2A837F1D00F9F6A3 /* SearchTableViewCell.swift */,
			);
			path = Search;
			sourceTree = "<group>";
		};
		2B1F46D22AA60C0800F722BA /* Data */ = {
			isa = PBXGroup;
			children = (
				2B8F36612A77A3EF00695827 /* Movie.swift */,
				2B8F365F2A77A3B300695827 /* MovieInfo.swift */,
				2B1F46DA2AA6113F00F722BA /* Book.swift */,
			);
			path = Data;
			sourceTree = "<group>";
		};
		2B1F46D32AA60C2300F722BA /* Network */ = {
			isa = PBXGroup;
			children = (
				2BFB4EB72A83895900F9F6A3 /* APIKey.swift */,
				2B1F46DC2AA6125A00F722BA /* APIService.swift */,
			);
			path = Network;
			sourceTree = "<group>";
		};
		2B1F46D42AA60C4000F722BA /* Library */ = {
			isa = PBXGroup;
			children = (
				2B8F36572A77A06700695827 /* LibraryCollectionViewController.swift */,
				2B8F36592A77A07E00695827 /* LibraryCollectionViewCell.swift */,
				2B8F365A2A77A07E00695827 /* LibraryCollectionViewCell.xib */,
				2B8F36472A779F7900695827 /* MySearchViewController.swift */,
				2B1C58522A7C1070005A3AAF /* MySearchCollectionViewCell.xib */,
				2B1C58512A7C1070005A3AAF /* MySearchCollectionViewCell.swift */,
			);
			path = Library;
			sourceTree = "<group>";
		};
		2B1F46D52AA60C6900F722BA /* Scene */ = {
			isa = PBXGroup;
			children = (
				2B1F46D72AA60F7800F722BA /* Detail */,
				2B1F46D42AA60C4000F722BA /* Library */,
				2B1F46D62AA60F5F00F722BA /* Home */,
				2B1F46D12AA60ABB00F722BA /* Search */,
			);
			path = Scene;
			sourceTree = "<group>";
		};
		2B1F46D62AA60F5F00F722BA /* Home */ = {
			isa = PBXGroup;
			children = (
				2B1C58422A7A3031005A3AAF /* LookAroundViewController.swift */,
				2B1C58442A7A39C6005A3AAF /* RecentCollectionViewCell.swift */,
				2B1C58452A7A39C6005A3AAF /* RecentCollectionViewCell.xib */,
				2B1C58482A7A39F8005A3AAF /* BestTableViewCell.swift */,
				2B1C58492A7A39F8005A3AAF /* BestTableViewCell.xib */,
			);
			path = Home;
			sourceTree = "<group>";
		};
		2B1F46D72AA60F7800F722BA /* Detail */ = {
			isa = PBXGroup;
			children = (
				2B8F365D2A77A09D00695827 /* DetailViewController.swift */,
			);
			path = Detail;
			sourceTree = "<group>";
		};
		2B1F46DE2AA612AC00F722BA /* Base */ = {
			isa = PBXGroup;
			children = (
				2B1F46DF2AA612C500F722BA /* ResuableProtocol.swift */,
			);
			path = Base;
			sourceTree = "<group>";
		};
		2B1F46E42AA639E000F722BA /* Realm */ = {
			isa = PBXGroup;
			children = (
				2B1F46E52AA639EF00F722BA /* RealmModel.swift */,
			);
			path = Realm;
			sourceTree = "<group>";
		};
		2B8F36372A779F7800695827 = {
			isa = PBXGroup;
			children = (
				2B8F36422A779F7900695827 /* BOOKWARM */,
				2B8F36412A779F7900695827 /* Products */,
			);
			sourceTree = "<group>";
		};
		2B8F36412A779F7900695827 /* Products */ = {
			isa = PBXGroup;
			children = (
				2B8F36402A779F7900695827 /* BOOKWARM.app */,
			);
			name = Products;
			sourceTree = "<group>";
		};
		2B8F36422A779F7900695827 /* BOOKWARM */ = {
			isa = PBXGroup;
			children = (
				2B1F46E42AA639E000F722BA /* Realm */,
				2B1F46D32AA60C2300F722BA /* Network */,
				2B1F46D22AA60C0800F722BA /* Data */,
				2B1F46DE2AA612AC00F722BA /* Base */,
				2B1F46D52AA60C6900F722BA /* Scene */,
				2B8F36432A779F7900695827 /* AppDelegate.swift */,
				2B8F36452A779F7900695827 /* SceneDelegate.swift */,
				2B8F36492A779F7900695827 /* Main.storyboard */,
				2B8F364C2A779F7A00695827 /* Assets.xcassets */,
				2B8F364E2A779F7A00695827 /* LaunchScreen.storyboard */,
				2B8F36512A779F7A00695827 /* Info.plist */,
				2BFB4EB52A83892A00F9F6A3 /* .gitignore */,
			);
			path = BOOKWARM;
			sourceTree = "<group>";
		};
/* End PBXGroup section */

/* Begin PBXNativeTarget section */
		2B8F363F2A779F7900695827 /* BOOKWARM */ = {
			isa = PBXNativeTarget;
			buildConfigurationList = 2B8F36542A779F7A00695827 /* Build configuration list for PBXNativeTarget "BOOKWARM" */;
			buildPhases = (
				2B8F363C2A779F7900695827 /* Sources */,
				2B8F363D2A779F7900695827 /* Frameworks */,
				2B8F363E2A779F7900695827 /* Resources */,
			);
			buildRules = (
			);
			dependencies = (
			);
			name = BOOKWARM;
			packageProductDependencies = (
				2BFB4EAD2A83804300F9F6A3 /* Alamofire */,
				2BFB4EB02A83804E00F9F6A3 /* SwiftyJSON */,
				2BFB4EB32A83805800F9F6A3 /* Kingfisher */,
				2B1F46E82AA63A4300F722BA /* Realm */,
				2B1F46EA2AA63A4300F722BA /* RealmSwift */,
			);
			productName = BOOKWARM;
			productReference = 2B8F36402A779F7900695827 /* BOOKWARM.app */;
			productType = "com.apple.product-type.application";
		};
/* End PBXNativeTarget section */

/* Begin PBXProject section */
		2B8F36382A779F7800695827 /* Project object */ = {
			isa = PBXProject;
			attributes = {
				BuildIndependentTargetsInParallel = 1;
				LastSwiftUpdateCheck = 1430;
				LastUpgradeCheck = 1430;
				TargetAttributes = {
					2B8F363F2A779F7900695827 = {
						CreatedOnToolsVersion = 14.3.1;
					};
				};
			};
			buildConfigurationList = 2B8F363B2A779F7800695827 /* Build configuration list for PBXProject "BOOKWARM" */;
			compatibilityVersion = "Xcode 14.0";
			developmentRegion = en;
			hasScannedForEncodings = 0;
			knownRegions = (
				en,
				Base,
			);
			mainGroup = 2B8F36372A779F7800695827;
			packageReferences = (
				2BFB4EAC2A83804300F9F6A3 /* XCRemoteSwiftPackageReference "Alamofire" */,
				2BFB4EAF2A83804E00F9F6A3 /* XCRemoteSwiftPackageReference "SwiftyJSON" */,
				2BFB4EB22A83805800F9F6A3 /* XCRemoteSwiftPackageReference "Kingfisher" */,
				2B1F46E72AA63A4300F722BA /* XCRemoteSwiftPackageReference "realm-swift" */,
			);
			productRefGroup = 2B8F36412A779F7900695827 /* Products */;
			projectDirPath = "";
			projectRoot = "";
			targets = (
				2B8F363F2A779F7900695827 /* BOOKWARM */,
			);
		};
/* End PBXProject section */

/* Begin PBXResourcesBuildPhase section */
		2B8F363E2A779F7900695827 /* Resources */ = {
			isa = PBXResourcesBuildPhase;
			buildActionMask = 2147483647;
			files = (
				2BFB4EB62A83892A00F9F6A3 /* .gitignore in Resources */,
				2B1C58542A7C1070005A3AAF /* MySearchCollectionViewCell.xib in Resources */,
				2B1C58472A7A39C6005A3AAF /* RecentCollectionViewCell.xib in Resources */,
				2B8F365C2A77A07E00695827 /* LibraryCollectionViewCell.xib in Resources */,
				2B8F36502A779F7A00695827 /* LaunchScreen.storyboard in Resources */,
				2B1C584B2A7A39F8005A3AAF /* BestTableViewCell.xib in Resources */,
				2B8F364D2A779F7A00695827 /* Assets.xcassets in Resources */,
				2B8F364B2A779F7900695827 /* Main.storyboard in Resources */,
			);
			runOnlyForDeploymentPostprocessing = 0;
		};
/* End PBXResourcesBuildPhase section */

/* Begin PBXSourcesBuildPhase section */
		2B8F363C2A779F7900695827 /* Sources */ = {
			isa = PBXSourcesBuildPhase;
			buildActionMask = 2147483647;
			files = (
				2B1F46E02AA612C500F722BA /* ResuableProtocol.swift in Sources */,
				2B1F46DD2AA6125A00F722BA /* APIService.swift in Sources */,
				2B1F46E62AA639EF00F722BA /* RealmModel.swift in Sources */,
				2B1F46DB2AA6113F00F722BA /* Book.swift in Sources */,
				2B8F36602A77A3B300695827 /* MovieInfo.swift in Sources */,
				2B8F36482A779F7900695827 /* MySearchViewController.swift in Sources */,
				2B1C58532A7C1070005A3AAF /* MySearchCollectionViewCell.swift in Sources */,
				2B8F365B2A77A07E00695827 /* LibraryCollectionViewCell.swift in Sources */,
				2BFB4EB82A83895900F9F6A3 /* APIKey.swift in Sources */,
				2B8F36442A779F7900695827 /* AppDelegate.swift in Sources */,
				2B8F365E2A77A09D00695827 /* DetailViewController.swift in Sources */,
				2B8F36582A77A06700695827 /* LibraryCollectionViewController.swift in Sources */,
				2B1C584A2A7A39F8005A3AAF /* BestTableViewCell.swift in Sources */,
				2B8F36622A77A3EF00695827 /* Movie.swift in Sources */,
				2BFB4EA92A837D9A00F9F6A3 /* SearchViewController.swift in Sources */,
				2BFB4EAB2A837F1D00F9F6A3 /* SearchTableViewCell.swift in Sources */,
				2B1C58462A7A39C6005A3AAF /* RecentCollectionViewCell.swift in Sources */,
				2B1C58432A7A3031005A3AAF /* LookAroundViewController.swift in Sources */,
				2B8F36462A779F7900695827 /* SceneDelegate.swift in Sources */,
			);
			runOnlyForDeploymentPostprocessing = 0;
		};
/* End PBXSourcesBuildPhase section */

/* Begin PBXVariantGroup section */
		2B8F36492A779F7900695827 /* Main.storyboard */ = {
			isa = PBXVariantGroup;
			children = (
				2B8F364A2A779F7900695827 /* Base */,
			);
			name = Main.storyboard;
			sourceTree = "<group>";
		};
		2B8F364E2A779F7A00695827 /* LaunchScreen.storyboard */ = {
			isa = PBXVariantGroup;
			children = (
				2B8F364F2A779F7A00695827 /* Base */,
			);
			name = LaunchScreen.storyboard;
			sourceTree = "<group>";
		};
/* End PBXVariantGroup section */

/* Begin XCBuildConfiguration section */
		2B8F36522A779F7A00695827 /* Debug */ = {
			isa = XCBuildConfiguration;
			buildSettings = {
				ALWAYS_SEARCH_USER_PATHS = NO;
				CLANG_ANALYZER_NONNULL = YES;
				CLANG_ANALYZER_NUMBER_OBJECT_CONVERSION = YES_AGGRESSIVE;
				CLANG_CXX_LANGUAGE_STANDARD = "gnu++20";
				CLANG_ENABLE_MODULES = YES;
				CLANG_ENABLE_OBJC_ARC = YES;
				CLANG_ENABLE_OBJC_WEAK = YES;
				CLANG_WARN_BLOCK_CAPTURE_AUTORELEASING = YES;
				CLANG_WARN_BOOL_CONVERSION = YES;
				CLANG_WARN_COMMA = YES;
				CLANG_WARN_CONSTANT_CONVERSION = YES;
				CLANG_WARN_DEPRECATED_OBJC_IMPLEMENTATIONS = YES;
				CLANG_WARN_DIRECT_OBJC_ISA_USAGE = YES_ERROR;
				CLANG_WARN_DOCUMENTATION_COMMENTS = YES;
				CLANG_WARN_EMPTY_BODY = YES;
				CLANG_WARN_ENUM_CONVERSION = YES;
				CLANG_WARN_INFINITE_RECURSION = YES;
				CLANG_WARN_INT_CONVERSION = YES;
				CLANG_WARN_NON_LITERAL_NULL_CONVERSION = YES;
				CLANG_WARN_OBJC_IMPLICIT_RETAIN_SELF = YES;
				CLANG_WARN_OBJC_LITERAL_CONVERSION = YES;
				CLANG_WARN_OBJC_ROOT_CLASS = YES_ERROR;
				CLANG_WARN_QUOTED_INCLUDE_IN_FRAMEWORK_HEADER = YES;
				CLANG_WARN_RANGE_LOOP_ANALYSIS = YES;
				CLANG_WARN_STRICT_PROTOTYPES = YES;
				CLANG_WARN_SUSPICIOUS_MOVE = YES;
				CLANG_WARN_UNGUARDED_AVAILABILITY = YES_AGGRESSIVE;
				CLANG_WARN_UNREACHABLE_CODE = YES;
				CLANG_WARN__DUPLICATE_METHOD_MATCH = YES;
				COPY_PHASE_STRIP = NO;
				DEBUG_INFORMATION_FORMAT = dwarf;
				ENABLE_STRICT_OBJC_MSGSEND = YES;
				ENABLE_TESTABILITY = YES;
				GCC_C_LANGUAGE_STANDARD = gnu11;
				GCC_DYNAMIC_NO_PIC = NO;
				GCC_NO_COMMON_BLOCKS = YES;
				GCC_OPTIMIZATION_LEVEL = 0;
				GCC_PREPROCESSOR_DEFINITIONS = (
					"DEBUG=1",
					"$(inherited)",
				);
				GCC_WARN_64_TO_32_BIT_CONVERSION = YES;
				GCC_WARN_ABOUT_RETURN_TYPE = YES_ERROR;
				GCC_WARN_UNDECLARED_SELECTOR = YES;
				GCC_WARN_UNINITIALIZED_AUTOS = YES_AGGRESSIVE;
				GCC_WARN_UNUSED_FUNCTION = YES;
				GCC_WARN_UNUSED_VARIABLE = YES;
				IPHONEOS_DEPLOYMENT_TARGET = 16.4;
				MTL_ENABLE_DEBUG_INFO = INCLUDE_SOURCE;
				MTL_FAST_MATH = YES;
				ONLY_ACTIVE_ARCH = YES;
				SDKROOT = iphoneos;
				SWIFT_ACTIVE_COMPILATION_CONDITIONS = DEBUG;
				SWIFT_OPTIMIZATION_LEVEL = "-Onone";
			};
			name = Debug;
		};
		2B8F36532A779F7A00695827 /* Release */ = {
			isa = XCBuildConfiguration;
			buildSettings = {
				ALWAYS_SEARCH_USER_PATHS = NO;
				CLANG_ANALYZER_NONNULL = YES;
				CLANG_ANALYZER_NUMBER_OBJECT_CONVERSION = YES_AGGRESSIVE;
				CLANG_CXX_LANGUAGE_STANDARD = "gnu++20";
				CLANG_ENABLE_MODULES = YES;
				CLANG_ENABLE_OBJC_ARC = YES;
				CLANG_ENABLE_OBJC_WEAK = YES;
				CLANG_WARN_BLOCK_CAPTURE_AUTORELEASING = YES;
				CLANG_WARN_BOOL_CONVERSION = YES;
				CLANG_WARN_COMMA = YES;
				CLANG_WARN_CONSTANT_CONVERSION = YES;
				CLANG_WARN_DEPRECATED_OBJC_IMPLEMENTATIONS = YES;
				CLANG_WARN_DIRECT_OBJC_ISA_USAGE = YES_ERROR;
				CLANG_WARN_DOCUMENTATION_COMMENTS = YES;
				CLANG_WARN_EMPTY_BODY = YES;
				CLANG_WARN_ENUM_CONVERSION = YES;
				CLANG_WARN_INFINITE_RECURSION = YES;
				CLANG_WARN_INT_CONVERSION = YES;
				CLANG_WARN_NON_LITERAL_NULL_CONVERSION = YES;
				CLANG_WARN_OBJC_IMPLICIT_RETAIN_SELF = YES;
				CLANG_WARN_OBJC_LITERAL_CONVERSION = YES;
				CLANG_WARN_OBJC_ROOT_CLASS = YES_ERROR;
				CLANG_WARN_QUOTED_INCLUDE_IN_FRAMEWORK_HEADER = YES;
				CLANG_WARN_RANGE_LOOP_ANALYSIS = YES;
				CLANG_WARN_STRICT_PROTOTYPES = YES;
				CLANG_WARN_SUSPICIOUS_MOVE = YES;
				CLANG_WARN_UNGUARDED_AVAILABILITY = YES_AGGRESSIVE;
				CLANG_WARN_UNREACHABLE_CODE = YES;
				CLANG_WARN__DUPLICATE_METHOD_MATCH = YES;
				COPY_PHASE_STRIP = NO;
				DEBUG_INFORMATION_FORMAT = "dwarf-with-dsym";
				ENABLE_NS_ASSERTIONS = NO;
				ENABLE_STRICT_OBJC_MSGSEND = YES;
				GCC_C_LANGUAGE_STANDARD = gnu11;
				GCC_NO_COMMON_BLOCKS = YES;
				GCC_WARN_64_TO_32_BIT_CONVERSION = YES;
				GCC_WARN_ABOUT_RETURN_TYPE = YES_ERROR;
				GCC_WARN_UNDECLARED_SELECTOR = YES;
				GCC_WARN_UNINITIALIZED_AUTOS = YES_AGGRESSIVE;
				GCC_WARN_UNUSED_FUNCTION = YES;
				GCC_WARN_UNUSED_VARIABLE = YES;
				IPHONEOS_DEPLOYMENT_TARGET = 16.4;
				MTL_ENABLE_DEBUG_INFO = NO;
				MTL_FAST_MATH = YES;
				SDKROOT = iphoneos;
				SWIFT_COMPILATION_MODE = wholemodule;
				SWIFT_OPTIMIZATION_LEVEL = "-O";
				VALIDATE_PRODUCT = YES;
			};
			name = Release;
		};
		2B8F36552A779F7A00695827 /* Debug */ = {
			isa = XCBuildConfiguration;
			buildSettings = {
				ASSETCATALOG_COMPILER_APPICON_NAME = AppIcon;
				ASSETCATALOG_COMPILER_GLOBAL_ACCENT_COLOR_NAME = AccentColor;
				CODE_SIGN_STYLE = Automatic;
				CURRENT_PROJECT_VERSION = 1;
				GENERATE_INFOPLIST_FILE = YES;
				INFOPLIST_FILE = BOOKWARM/Info.plist;
				INFOPLIST_KEY_UIApplicationSupportsIndirectInputEvents = YES;
				INFOPLIST_KEY_UILaunchStoryboardName = LaunchScreen;
				INFOPLIST_KEY_UIMainStoryboardFile = Main;
				INFOPLIST_KEY_UISupportedInterfaceOrientations_iPad = "UIInterfaceOrientationPortrait UIInterfaceOrientationPortraitUpsideDown UIInterfaceOrientationLandscapeLeft UIInterfaceOrientationLandscapeRight";
				INFOPLIST_KEY_UISupportedInterfaceOrientations_iPhone = "UIInterfaceOrientationPortrait UIInterfaceOrientationLandscapeLeft UIInterfaceOrientationLandscapeRight";
				LD_RUNPATH_SEARCH_PATHS = (
					"$(inherited)",
					"@executable_path/Frameworks",
				);
				MARKETING_VERSION = 1.0;
				PRODUCT_BUNDLE_IDENTIFIER = com.yerihwang.BOOKWARM;
				PRODUCT_NAME = "$(TARGET_NAME)";
				SWIFT_EMIT_LOC_STRINGS = YES;
				SWIFT_VERSION = 5.0;
				TARGETED_DEVICE_FAMILY = "1,2";
			};
			name = Debug;
		};
		2B8F36562A779F7A00695827 /* Release */ = {
			isa = XCBuildConfiguration;
			buildSettings = {
				ASSETCATALOG_COMPILER_APPICON_NAME = AppIcon;
				ASSETCATALOG_COMPILER_GLOBAL_ACCENT_COLOR_NAME = AccentColor;
				CODE_SIGN_STYLE = Automatic;
				CURRENT_PROJECT_VERSION = 1;
				GENERATE_INFOPLIST_FILE = YES;
				INFOPLIST_FILE = BOOKWARM/Info.plist;
				INFOPLIST_KEY_UIApplicationSupportsIndirectInputEvents = YES;
				INFOPLIST_KEY_UILaunchStoryboardName = LaunchScreen;
				INFOPLIST_KEY_UIMainStoryboardFile = Main;
				INFOPLIST_KEY_UISupportedInterfaceOrientations_iPad = "UIInterfaceOrientationPortrait UIInterfaceOrientationPortraitUpsideDown UIInterfaceOrientationLandscapeLeft UIInterfaceOrientationLandscapeRight";
				INFOPLIST_KEY_UISupportedInterfaceOrientations_iPhone = "UIInterfaceOrientationPortrait UIInterfaceOrientationLandscapeLeft UIInterfaceOrientationLandscapeRight";
				LD_RUNPATH_SEARCH_PATHS = (
					"$(inherited)",
					"@executable_path/Frameworks",
				);
				MARKETING_VERSION = 1.0;
				PRODUCT_BUNDLE_IDENTIFIER = com.yerihwang.BOOKWARM;
				PRODUCT_NAME = "$(TARGET_NAME)";
				SWIFT_EMIT_LOC_STRINGS = YES;
				SWIFT_VERSION = 5.0;
				TARGETED_DEVICE_FAMILY = "1,2";
			};
			name = Release;
		};
/* End XCBuildConfiguration section */

/* Begin XCConfigurationList section */
		2B8F363B2A779F7800695827 /* Build configuration list for PBXProject "BOOKWARM" */ = {
			isa = XCConfigurationList;
			buildConfigurations = (
				2B8F36522A779F7A00695827 /* Debug */,
				2B8F36532A779F7A00695827 /* Release */,
			);
			defaultConfigurationIsVisible = 0;
			defaultConfigurationName = Release;
		};
		2B8F36542A779F7A00695827 /* Build configuration list for PBXNativeTarget "BOOKWARM" */ = {
			isa = XCConfigurationList;
			buildConfigurations = (
				2B8F36552A779F7A00695827 /* Debug */,
				2B8F36562A779F7A00695827 /* Release */,
			);
			defaultConfigurationIsVisible = 0;
			defaultConfigurationName = Release;
		};
/* End XCConfigurationList section */

/* Begin XCRemoteSwiftPackageReference section */
		2B1F46E72AA63A4300F722BA /* XCRemoteSwiftPackageReference "realm-swift" */ = {
			isa = XCRemoteSwiftPackageReference;
			repositoryURL = "https://github.com/realm/realm-swift";
			requirement = {
				branch = master;
				kind = branch;
			};
		};
		2BFB4EAC2A83804300F9F6A3 /* XCRemoteSwiftPackageReference "Alamofire" */ = {
			isa = XCRemoteSwiftPackageReference;
			repositoryURL = "https://github.com/Alamofire/Alamofire";
			requirement = {
				kind = upToNextMajorVersion;
				minimumVersion = 5.0.0;
			};
		};
		2BFB4EAF2A83804E00F9F6A3 /* XCRemoteSwiftPackageReference "SwiftyJSON" */ = {
			isa = XCRemoteSwiftPackageReference;
			repositoryURL = "https://github.com/SwiftyJSON/SwiftyJSON";
			requirement = {
				kind = upToNextMajorVersion;
				minimumVersion = 5.0.0;
			};
		};
		2BFB4EB22A83805800F9F6A3 /* XCRemoteSwiftPackageReference "Kingfisher" */ = {
			isa = XCRemoteSwiftPackageReference;
			repositoryURL = "https://github.com/onevcat/Kingfisher";
			requirement = {
				kind = upToNextMajorVersion;
				minimumVersion = 7.0.0;
			};
		};
/* End XCRemoteSwiftPackageReference section */

/* Begin XCSwiftPackageProductDependency section */
		2B1F46E82AA63A4300F722BA /* Realm */ = {
			isa = XCSwiftPackageProductDependency;
			package = 2B1F46E72AA63A4300F722BA /* XCRemoteSwiftPackageReference "realm-swift" */;
			productName = Realm;
		};
		2B1F46EA2AA63A4300F722BA /* RealmSwift */ = {
			isa = XCSwiftPackageProductDependency;
			package = 2B1F46E72AA63A4300F722BA /* XCRemoteSwiftPackageReference "realm-swift" */;
			productName = RealmSwift;
		};
		2BFB4EAD2A83804300F9F6A3 /* Alamofire */ = {
			isa = XCSwiftPackageProductDependency;
			package = 2BFB4EAC2A83804300F9F6A3 /* XCRemoteSwiftPackageReference "Alamofire" */;
			productName = Alamofire;
		};
		2BFB4EB02A83804E00F9F6A3 /* SwiftyJSON */ = {
			isa = XCSwiftPackageProductDependency;
			package = 2BFB4EAF2A83804E00F9F6A3 /* XCRemoteSwiftPackageReference "SwiftyJSON" */;
			productName = SwiftyJSON;
		};
		2BFB4EB32A83805800F9F6A3 /* Kingfisher */ = {
			isa = XCSwiftPackageProductDependency;
			package = 2BFB4EB22A83805800F9F6A3 /* XCRemoteSwiftPackageReference "Kingfisher" */;
			productName = Kingfisher;
		};
/* End XCSwiftPackageProductDependency section */
	};
	rootObject = 2B8F36382A779F7800695827 /* Project object */;
}
